// !$*UTF8*$!
{
	archiveVersion = 1;
	classes = {
	};
	objectVersion = 46;
	objects = {

/* Begin PBXBuildFile section */
		08035FCF1778463E00B145FA /* GTTabBar.m in Sources */ = {isa = PBXBuildFile; fileRef = 08035FCC1778463E00B145FA /* GTTabBar.m */; };
		08035FD01778463E00B145FA /* GTTabBarController.m in Sources */ = {isa = PBXBuildFile; fileRef = 08035FCE1778463E00B145FA /* GTTabBarController.m */; };
		0803A6C01900EE46000623AA /* ASValuePopUpView.m in Sources */ = {isa = PBXBuildFile; fileRef = 0803A6BD1900EE46000623AA /* ASValuePopUpView.m */; };
		0803A6C11900EE46000623AA /* ASValueTrackingSlider.m in Sources */ = {isa = PBXBuildFile; fileRef = 0803A6BF1900EE46000623AA /* ASValueTrackingSlider.m */; };
		0803A6EA19011BE9000623AA /* NSObject+AutoDescription.m in Sources */ = {isa = PBXBuildFile; fileRef = 0803A6E719011BE9000623AA /* NSObject+AutoDescription.m */; };
		0803A6EB19011BE9000623AA /* NSObject+CleanDescription.m in Sources */ = {isa = PBXBuildFile; fileRef = 0803A6E919011BE9000623AA /* NSObject+CleanDescription.m */; };
		08054D0C179E6F84005F80BA /* BJImageCropper.m in Sources */ = {isa = PBXBuildFile; fileRef = 08054D0B179E6F84005F80BA /* BJImageCropper.m */; };
		080A9DFB178AAC1600874A8F /* iVersion.bundle in Resources */ = {isa = PBXBuildFile; fileRef = 080A9DF8178AAC1600874A8F /* iVersion.bundle */; };
		080A9DFC178AAC1600874A8F /* iVersion.m in Sources */ = {isa = PBXBuildFile; fileRef = 080A9DFA178AAC1600874A8F /* iVersion.m */; };
		08295BA71966AAF100A84280 /* UIViewController+childViewController.m in Sources */ = {isa = PBXBuildFile; fileRef = 08295BA51966AAF100A84280 /* UIViewController+childViewController.m */; };
		083C36011786C30400B4E095 /* SCGIFImageView.m in Sources */ = {isa = PBXBuildFile; fileRef = 083C36001786C30400B4E095 /* SCGIFImageView.m */; };
		084EBB4D184DD1BA00FAC37B /* MSKeyboardScrollView.m in Sources */ = {isa = PBXBuildFile; fileRef = 084EBB4C184DD1BA00FAC37B /* MSKeyboardScrollView.m */; };
		0851D36318F3E71A005EA6BD /* NSDate+Exts.m in Sources */ = {isa = PBXBuildFile; fileRef = 0851D36218F3E71A005EA6BD /* NSDate+Exts.m */; };
		0851D36E18F3E72F005EA6BD /* STDb.m in Sources */ = {isa = PBXBuildFile; fileRef = 0851D36718F3E72F005EA6BD /* STDb.m */; };
		0851D36F18F3E72F005EA6BD /* STDbHandle.m in Sources */ = {isa = PBXBuildFile; fileRef = 0851D36918F3E72F005EA6BD /* STDbHandle.m */; };
		0851D37018F3E72F005EA6BD /* STDbObject.m in Sources */ = {isa = PBXBuildFile; fileRef = 0851D36C18F3E72F005EA6BD /* STDbObject.m */; };
		0861327819B6F3A500BFDD6A /* UITableView+Wave.m in Sources */ = {isa = PBXBuildFile; fileRef = 0861327719B6F3A500BFDD6A /* UITableView+Wave.m */; };
		0865CA001946B11900806F93 /* BaseScrollView.m in Sources */ = {isa = PBXBuildFile; fileRef = 0865C9FF1946B11900806F93 /* BaseScrollView.m */; };
		0865CA081946B5A800806F93 /* MBMenuView.m in Sources */ = {isa = PBXBuildFile; fileRef = 0865CA071946B5A800806F93 /* MBMenuView.m */; };
		086A65E71964FF50006A1FCB /* NSObject+ObjectMap.m in Sources */ = {isa = PBXBuildFile; fileRef = 086A65E61964FF50006A1FCB /* NSObject+ObjectMap.m */; };
		086D31AF1959243B0003F60B /* MenuItem.m in Sources */ = {isa = PBXBuildFile; fileRef = 086D31AC1959243B0003F60B /* MenuItem.m */; };
		086D31B01959243B0003F60B /* SideMenu.m in Sources */ = {isa = PBXBuildFile; fileRef = 086D31AE1959243B0003F60B /* SideMenu.m */; };
		08716F7F19B5CDA2004FC31F /* AsyncImageView.m in Sources */ = {isa = PBXBuildFile; fileRef = 08716F7D19B5CDA2004FC31F /* AsyncImageView.m */; };
		08716F8019B5CDA2004FC31F /* README.md in Resources */ = {isa = PBXBuildFile; fileRef = 08716F7E19B5CDA2004FC31F /* README.md */; };
		0885F4841733AA1800246C02 /* UIKit.framework in Frameworks */ = {isa = PBXBuildFile; fileRef = 0885F4831733AA1800246C02 /* UIKit.framework */; };
		0885F4861733AA1800246C02 /* Foundation.framework in Frameworks */ = {isa = PBXBuildFile; fileRef = 0885F4851733AA1800246C02 /* Foundation.framework */; };
		0885F4881733AA1800246C02 /* CoreGraphics.framework in Frameworks */ = {isa = PBXBuildFile; fileRef = 0885F4871733AA1800246C02 /* CoreGraphics.framework */; };
		0885F48E1733AA1800246C02 /* InfoPlist.strings in Resources */ = {isa = PBXBuildFile; fileRef = 0885F48C1733AA1800246C02 /* InfoPlist.strings */; };
		0885F4901733AA1800246C02 /* main.m in Sources */ = {isa = PBXBuildFile; fileRef = 0885F48F1733AA1800246C02 /* main.m */; };
		0885F4941733AA1800246C02 /* AppDelegate.m in Sources */ = {isa = PBXBuildFile; fileRef = 0885F4931733AA1800246C02 /* AppDelegate.m */; };
		0885F4961733AA1800246C02 /* Default.png in Resources */ = {isa = PBXBuildFile; fileRef = 0885F4951733AA1800246C02 /* Default.png */; };
		0885F4981733AA1800246C02 /* Default@2x.png in Resources */ = {isa = PBXBuildFile; fileRef = 0885F4971733AA1800246C02 /* Default@2x.png */; };
		0885F49A1733AA1800246C02 /* Default-568h@2x.png in Resources */ = {isa = PBXBuildFile; fileRef = 0885F4991733AA1800246C02 /* Default-568h@2x.png */; };
		0885F4A21733AA3200246C02 /* ADTools.m in Sources */ = {isa = PBXBuildFile; fileRef = 0885F4A11733AA3200246C02 /* ADTools.m */; };
		0885F4A51733AB7300246C02 /* WQPDFManager.m in Sources */ = {isa = PBXBuildFile; fileRef = 0885F4A41733AB7300246C02 /* WQPDFManager.m */; };
		088604E5182B8B3F005E5755 /* HPGrowingTextView.m in Sources */ = {isa = PBXBuildFile; fileRef = 088604E2182B8B3F005E5755 /* HPGrowingTextView.m */; };
		088604E6182B8B3F005E5755 /* HPTextViewInternal.m in Sources */ = {isa = PBXBuildFile; fileRef = 088604E4182B8B3F005E5755 /* HPTextViewInternal.m */; };
		0898D9F8192AFD6600AF4F41 /* RadioButton.m in Sources */ = {isa = PBXBuildFile; fileRef = 0898D9F3192AFD6600AF4F41 /* RadioButton.m */; };
		0898D9FF192B00D200AF4F41 /* CheckBox.m in Sources */ = {isa = PBXBuildFile; fileRef = 0898D9FE192B00D200AF4F41 /* CheckBox.m */; };
		0899C26F18AC72B5003745FE /* UIImageView+UIImageView_FaceAwareFill.m in Sources */ = {isa = PBXBuildFile; fileRef = 0899C26E18AC72B5003745FE /* UIImageView+UIImageView_FaceAwareFill.m */; };
		0899C27418AC98CD003745FE /* AutoCoding.m in Sources */ = {isa = PBXBuildFile; fileRef = 0899C27318AC98CD003745FE /* AutoCoding.m */; };
		0899C27918AC9D7E003745FE /* NSInvocation+SimpleCreation.m in Sources */ = {isa = PBXBuildFile; fileRef = 0899C27818AC9D7E003745FE /* NSInvocation+SimpleCreation.m */; };
		0899C27D18AC9E1E003745FE /* UILabel+ContentSize.m in Sources */ = {isa = PBXBuildFile; fileRef = 0899C27C18AC9E1E003745FE /* UILabel+ContentSize.m */; };
		0899C28118AC9F99003745FE /* NSObject+Association.m in Sources */ = {isa = PBXBuildFile; fileRef = 0899C28018AC9F99003745FE /* NSObject+Association.m */; };
		0899C28518ACA17F003745FE /* NSObject+LogDealloc.m in Sources */ = {isa = PBXBuildFile; fileRef = 0899C28418ACA17F003745FE /* NSObject+LogDealloc.m */; };
		0899C28F18ACA2DE003745FE /* NSNotificationCenter+SFObservers.m in Sources */ = {isa = PBXBuildFile; fileRef = 0899C28818ACA2DE003745FE /* NSNotificationCenter+SFObservers.m */; };
		0899C29018ACA2DE003745FE /* NSObject+SFObservers.m in Sources */ = {isa = PBXBuildFile; fileRef = 0899C28A18ACA2DE003745FE /* NSObject+SFObservers.m */; };
		0899C29118ACA2DE003745FE /* NSObject+SFExecuteOnDealloc.m in Sources */ = {isa = PBXBuildFile; fileRef = 0899C28D18ACA2DE003745FE /* NSObject+SFExecuteOnDealloc.m */; };
		0899C29518ACA520003745FE /* UIView+Recursion.m in Sources */ = {isa = PBXBuildFile; fileRef = 0899C29418ACA520003745FE /* UIView+Recursion.m */; };
		0899C29918ACA94B003745FE /* UIView+RoundedCorners.m in Sources */ = {isa = PBXBuildFile; fileRef = 0899C29818ACA94B003745FE /* UIView+RoundedCorners.m */; };
		0899C29D18ACB13C003745FE /* NSDate+Escort.m in Sources */ = {isa = PBXBuildFile; fileRef = 0899C29C18ACB13C003745FE /* NSDate+Escort.m */; };
		0899C2A118ACB465003745FE /* Toast+UIView.m in Sources */ = {isa = PBXBuildFile; fileRef = 0899C2A018ACB465003745FE /* Toast+UIView.m */; };
		0899C2A618ACC958003745FE /* UIImage+ProportionalFill.m in Sources */ = {isa = PBXBuildFile; fileRef = 0899C2A318ACC958003745FE /* UIImage+ProportionalFill.m */; };
		0899C2A718ACC958003745FE /* UIImage+Tint.m in Sources */ = {isa = PBXBuildFile; fileRef = 0899C2A518ACC958003745FE /* UIImage+Tint.m */; };
		0899C2AE18ACCA96003745FE /* NSDate+Helper.m in Sources */ = {isa = PBXBuildFile; fileRef = 0899C2AD18ACCA96003745FE /* NSDate+Helper.m */; };
		089B31721AE4D300007B2EA3 /* UIScrollView+ParallaxHeader.m in Sources */ = {isa = PBXBuildFile; fileRef = 089B31711AE4D300007B2EA3 /* UIScrollView+ParallaxHeader.m */; };
		089E0608186D7D51009743F7 /* UIView+Utils.m in Sources */ = {isa = PBXBuildFile; fileRef = 089E0607186D7D51009743F7 /* UIView+Utils.m */; };
		08A9D7081738D11D00CBE0BA /* TFHpple.m in Sources */ = {isa = PBXBuildFile; fileRef = 08A9D7031738D11D00CBE0BA /* TFHpple.m */; };
		08A9D7091738D11D00CBE0BA /* TFHppleElement.m in Sources */ = {isa = PBXBuildFile; fileRef = 08A9D7051738D11D00CBE0BA /* TFHppleElement.m */; };
		08A9D70A1738D11D00CBE0BA /* XPathQuery.m in Sources */ = {isa = PBXBuildFile; fileRef = 08A9D7071738D11D00CBE0BA /* XPathQuery.m */; };
		08AC026F192EF0D1004BA73E /* NSObject+MKBlockAdditions.m in Sources */ = {isa = PBXBuildFile; fileRef = 08AC026A192EF0D1004BA73E /* NSObject+MKBlockAdditions.m */; };
		08AC0270192EF0D1004BA73E /* UIActionSheet+MKBlockAdditions.m in Sources */ = {isa = PBXBuildFile; fileRef = 08AC026C192EF0D1004BA73E /* UIActionSheet+MKBlockAdditions.m */; };
		08AC0271192EF0D1004BA73E /* UIAlertView+MKBlockAdditions.m in Sources */ = {isa = PBXBuildFile; fileRef = 08AC026E192EF0D1004BA73E /* UIAlertView+MKBlockAdditions.m */; };
		08B510EB18BB3EE9003A8F60 /* UITextField+Shake.m in Sources */ = {isa = PBXBuildFile; fileRef = 08B510EA18BB3EE9003A8F60 /* UITextField+Shake.m */; };
		08B5DBAF17794BE20078A68D /* CustomSwitch.m in Sources */ = {isa = PBXBuildFile; fileRef = 08B5DBAD17794BE20078A68D /* CustomSwitch.m */; };
		08B5DBB017794BE20078A68D /* CustomSwitch.xib in Resources */ = {isa = PBXBuildFile; fileRef = 08B5DBAE17794BE20078A68D /* CustomSwitch.xib */; };
		08BAC9FA1794F4810016CCFD /* ChineseToPinyin.m in Sources */ = {isa = PBXBuildFile; fileRef = 08BAC9F91794F4810016CCFD /* ChineseToPinyin.m */; };
		08D15D54175DEA6E003002F9 /* Keychain.m in Sources */ = {isa = PBXBuildFile; fileRef = 08D15D53175DEA6E003002F9 /* Keychain.m */; };
		08D3A7B8173758FD00220430 /* UIImage+Auto_fit.m in Sources */ = {isa = PBXBuildFile; fileRef = 08D3A7B7173758FD00220430 /* UIImage+Auto_fit.m */; };
		08D3A8141737B74E00220430 /* NAPhoto.m in Sources */ = {isa = PBXBuildFile; fileRef = 08D3A8091737B74E00220430 /* NAPhoto.m */; };
		08D3A8151737B74E00220430 /* NAPhotoBrowser.m in Sources */ = {isa = PBXBuildFile; fileRef = 08D3A80B1737B74E00220430 /* NAPhotoBrowser.m */; };
		08D3A8161737B74E00220430 /* UIImage+Decompress.m in Sources */ = {isa = PBXBuildFile; fileRef = 08D3A80D1737B74E00220430 /* UIImage+Decompress.m */; };
		08D3A8171737B74E00220430 /* UIImageViewTap.m in Sources */ = {isa = PBXBuildFile; fileRef = 08D3A80F1737B74E00220430 /* UIImageViewTap.m */; };
		08D3A8181737B74E00220430 /* UIViewTap.m in Sources */ = {isa = PBXBuildFile; fileRef = 08D3A8111737B74E00220430 /* UIViewTap.m */; };
		08D3A8191737B74E00220430 /* ZoomingScrollView.m in Sources */ = {isa = PBXBuildFile; fileRef = 08D3A8131737B74E00220430 /* ZoomingScrollView.m */; };
		08D3A8291737B75800220430 /* ioapi.c in Sources */ = {isa = PBXBuildFile; fileRef = 08D3A81E1737B75800220430 /* ioapi.c */; };
		08D3A82A1737B75800220430 /* mztools.c in Sources */ = {isa = PBXBuildFile; fileRef = 08D3A8201737B75800220430 /* mztools.c */; };
		08D3A82B1737B75800220430 /* unzip.c in Sources */ = {isa = PBXBuildFile; fileRef = 08D3A8221737B75800220430 /* unzip.c */; };
		08D3A82C1737B75800220430 /* zip.c in Sources */ = {isa = PBXBuildFile; fileRef = 08D3A8241737B75800220430 /* zip.c */; };
		08D3A82D1737B75800220430 /* readme.txt in Resources */ = {isa = PBXBuildFile; fileRef = 08D3A8261737B75800220430 /* readme.txt */; };
		08D3A82E1737B75800220430 /* ZipArchive.mm in Sources */ = {isa = PBXBuildFile; fileRef = 08D3A8281737B75800220430 /* ZipArchive.mm */; };
		08D3A8331737B75E00220430 /* SVProgressHUD.bundle in Resources */ = {isa = PBXBuildFile; fileRef = 08D3A8301737B75E00220430 /* SVProgressHUD.bundle */; };
		08D3A8341737B75E00220430 /* SVProgressHUD.m in Sources */ = {isa = PBXBuildFile; fileRef = 08D3A8321737B75E00220430 /* SVProgressHUD.m */; };
		08D3A83C1737B76700220430 /* JWFolders.m in Sources */ = {isa = PBXBuildFile; fileRef = 08D3A8371737B76700220430 /* JWFolders.m */; };
		08D3A83D1737B76700220430 /* UIScreen+Scale.m in Sources */ = {isa = PBXBuildFile; fileRef = 08D3A8391737B76700220430 /* UIScreen+Scale.m */; };
		08D3A83E1737B76700220430 /* UIView+Screenshot.m in Sources */ = {isa = PBXBuildFile; fileRef = 08D3A83B1737B76700220430 /* UIView+Screenshot.m */; };
		08D3A8421737B77F00220430 /* SliderControl.m in Sources */ = {isa = PBXBuildFile; fileRef = 08D3A8411737B77F00220430 /* SliderControl.m */; };
		08D3A8621737B78D00220430 /* AppDelegate.m in Sources */ = {isa = PBXBuildFile; fileRef = 08D3A8461737B78D00220430 /* AppDelegate.m */; };
		08D3A8631737B78D00220430 /* D02.jpg in Resources */ = {isa = PBXBuildFile; fileRef = 08D3A8471737B78D00220430 /* D02.jpg */; };
		08D3A8641737B78D00220430 /* InfoPlist.strings in Resources */ = {isa = PBXBuildFile; fileRef = 08D3A8481737B78D00220430 /* InfoPlist.strings */; };
		08D3A8651737B78D00220430 /* ViewController.xib in Resources */ = {isa = PBXBuildFile; fileRef = 08D3A84A1737B78D00220430 /* ViewController.xib */; };
		08D3A8661737B78D00220430 /* ImageMaskView.mm in Sources */ = {isa = PBXBuildFile; fileRef = 08D3A84D1737B78D00220430 /* ImageMaskView.mm */; };
		08D3A8671737B78D00220430 /* main.m in Sources */ = {isa = PBXBuildFile; fileRef = 08D3A84E1737B78D00220430 /* main.m */; };
		08D3A8681737B78D00220430 /* mask.png in Resources */ = {isa = PBXBuildFile; fileRef = 08D3A84F1737B78D00220430 /* mask.png */; };
		08D3A8691737B78D00220430 /* MaskView-Info.plist in Resources */ = {isa = PBXBuildFile; fileRef = 08D3A8501737B78D00220430 /* MaskView-Info.plist */; };
		08D3A86A1737B78D00220430 /* MaskView.m in Sources */ = {isa = PBXBuildFile; fileRef = 08D3A8531737B78D00220430 /* MaskView.m */; };
		08D3A86B1737B78D00220430 /* Matrix.m in Sources */ = {isa = PBXBuildFile; fileRef = 08D3A8551737B78D00220430 /* Matrix.m */; };
		08D3A86C1737B78D00220430 /* STScratchView.m in Sources */ = {isa = PBXBuildFile; fileRef = 08D3A8581737B78D00220430 /* STScratchView.m */; };
		08D3A86D1737B78D00220430 /* ViewController.m in Sources */ = {isa = PBXBuildFile; fileRef = 08D3A85A1737B78D00220430 /* ViewController.m */; };
		08D3C176174B04CC00406755 /* UIImageView+TapGesture.m in Sources */ = {isa = PBXBuildFile; fileRef = 08D3C175174B04CC00406755 /* UIImageView+TapGesture.m */; };
		08D3C199174B5BE500406755 /* QuartzCore.framework in Frameworks */ = {isa = PBXBuildFile; fileRef = 08D3C198174B5BE500406755 /* QuartzCore.framework */; };
		08DCA8AB17AA48DD00E3F528 /* UIImage+ImageEffects.m in Sources */ = {isa = PBXBuildFile; fileRef = 08DCA8AA17AA48DD00E3F528 /* UIImage+ImageEffects.m */; };
		08DCA96B17AA5A7E00E3F528 /* JScrollView+PageControl+AutoScroll.m in Sources */ = {isa = PBXBuildFile; fileRef = 08DCA96A17AA5A7E00E3F528 /* JScrollView+PageControl+AutoScroll.m */; };
		08F9F06518AE07E300DF5815 /* XMLReader.m in Sources */ = {isa = PBXBuildFile; fileRef = 08F9F06418AE07E300DF5815 /* XMLReader.m */; };
		6D5E0F6F1B8C531E00B78C5D /* ADRadiusView.m in Sources */ = {isa = PBXBuildFile; fileRef = 6D5E0F6D1B8C531E00B78C5D /* ADRadiusView.m */; };
		6D5E0F771B8D5E8900B78C5D /* UILabel+BezierAnimation.m in Sources */ = {isa = PBXBuildFile; fileRef = 6D5E0F741B8D5E8900B78C5D /* UILabel+BezierAnimation.m */; };
		6D5E0F781B8D5E8900B78C5D /* WSBezier.m in Sources */ = {isa = PBXBuildFile; fileRef = 6D5E0F761B8D5E8900B78C5D /* WSBezier.m */; };
		6DB7BACA1BA9A184003C4F6E /* UIControl+TapLimit.m in Sources */ = {isa = PBXBuildFile; fileRef = 6DB7BAC91BA9A184003C4F6E /* UIControl+TapLimit.m */; };
		6DC359151B5783B10015A680 /* LaunchPlayerView.m in Sources */ = {isa = PBXBuildFile; fileRef = 6DC359141B5783B10015A680 /* LaunchPlayerView.m */; };
		6DFE4B781B4E1CC300A009CE /* IDNLoopView.m in Sources */ = {isa = PBXBuildFile; fileRef = 6DFE4B771B4E1CC300A009CE /* IDNLoopView.m */; };
/* End PBXBuildFile section */

/* Begin PBXContainerItemProxy section */
		08D3A86F1737B78D00220430 /* PBXContainerItemProxy */ = {
			isa = PBXContainerItemProxy;
			containerPortal = 08D3A85B1737B78D00220430 /* MaskView.xcodeproj */;
			proxyType = 2;
			remoteGlobalIDString = 0817337F16F6BD8200FCAA8F;
			remoteInfo = MaskView;
		};
/* End PBXContainerItemProxy section */

/* Begin PBXFileReference section */
		08035FCB1778463E00B145FA /* GTTabBar.h */ = {isa = PBXFileReference; fileEncoding = 4; lastKnownFileType = sourcecode.c.h; path = GTTabBar.h; sourceTree = "<group>"; };
		08035FCC1778463E00B145FA /* GTTabBar.m */ = {isa = PBXFileReference; fileEncoding = 4; lastKnownFileType = sourcecode.c.objc; path = GTTabBar.m; sourceTree = "<group>"; };
		08035FCD1778463E00B145FA /* GTTabBarController.h */ = {isa = PBXFileReference; fileEncoding = 4; lastKnownFileType = sourcecode.c.h; path = GTTabBarController.h; sourceTree = "<group>"; };
		08035FCE1778463E00B145FA /* GTTabBarController.m */ = {isa = PBXFileReference; fileEncoding = 4; lastKnownFileType = sourcecode.c.objc; path = GTTabBarController.m; sourceTree = "<group>"; };
		0803A6BC1900EE46000623AA /* ASValuePopUpView.h */ = {isa = PBXFileReference; fileEncoding = 4; lastKnownFileType = sourcecode.c.h; path = ASValuePopUpView.h; sourceTree = "<group>"; };
		0803A6BD1900EE46000623AA /* ASValuePopUpView.m */ = {isa = PBXFileReference; fileEncoding = 4; lastKnownFileType = sourcecode.c.objc; path = ASValuePopUpView.m; sourceTree = "<group>"; };
		0803A6BE1900EE46000623AA /* ASValueTrackingSlider.h */ = {isa = PBXFileReference; fileEncoding = 4; lastKnownFileType = sourcecode.c.h; path = ASValueTrackingSlider.h; sourceTree = "<group>"; };
		0803A6BF1900EE46000623AA /* ASValueTrackingSlider.m */ = {isa = PBXFileReference; fileEncoding = 4; lastKnownFileType = sourcecode.c.objc; path = ASValueTrackingSlider.m; sourceTree = "<group>"; };
		0803A6E619011BE9000623AA /* NSObject+AutoDescription.h */ = {isa = PBXFileReference; fileEncoding = 4; lastKnownFileType = sourcecode.c.h; path = "NSObject+AutoDescription.h"; sourceTree = "<group>"; };
		0803A6E719011BE9000623AA /* NSObject+AutoDescription.m */ = {isa = PBXFileReference; fileEncoding = 4; lastKnownFileType = sourcecode.c.objc; path = "NSObject+AutoDescription.m"; sourceTree = "<group>"; };
		0803A6E819011BE9000623AA /* NSObject+CleanDescription.h */ = {isa = PBXFileReference; fileEncoding = 4; lastKnownFileType = sourcecode.c.h; path = "NSObject+CleanDescription.h"; sourceTree = "<group>"; };
		0803A6E919011BE9000623AA /* NSObject+CleanDescription.m */ = {isa = PBXFileReference; fileEncoding = 4; lastKnownFileType = sourcecode.c.objc; path = "NSObject+CleanDescription.m"; sourceTree = "<group>"; };
		08054D0A179E6F84005F80BA /* BJImageCropper.h */ = {isa = PBXFileReference; fileEncoding = 4; lastKnownFileType = sourcecode.c.h; path = BJImageCropper.h; sourceTree = "<group>"; };
		08054D0B179E6F84005F80BA /* BJImageCropper.m */ = {isa = PBXFileReference; fileEncoding = 4; lastKnownFileType = sourcecode.c.objc; path = BJImageCropper.m; sourceTree = "<group>"; };
		080A9DF8178AAC1600874A8F /* iVersion.bundle */ = {isa = PBXFileReference; lastKnownFileType = "wrapper.plug-in"; path = iVersion.bundle; sourceTree = "<group>"; };
		080A9DF9178AAC1600874A8F /* iVersion.h */ = {isa = PBXFileReference; fileEncoding = 4; lastKnownFileType = sourcecode.c.h; path = iVersion.h; sourceTree = "<group>"; };
		080A9DFA178AAC1600874A8F /* iVersion.m */ = {isa = PBXFileReference; fileEncoding = 4; lastKnownFileType = sourcecode.c.objc; path = iVersion.m; sourceTree = "<group>"; };
		08295BA51966AAF100A84280 /* UIViewController+childViewController.m */ = {isa = PBXFileReference; fileEncoding = 4; lastKnownFileType = sourcecode.c.objc; path = "UIViewController+childViewController.m"; sourceTree = "<group>"; };
		08295BA61966AAF100A84280 /* UIViewController+childViewController.h */ = {isa = PBXFileReference; fileEncoding = 4; lastKnownFileType = sourcecode.c.h; path = "UIViewController+childViewController.h"; sourceTree = "<group>"; };
		083C35FF1786C30400B4E095 /* SCGIFImageView.h */ = {isa = PBXFileReference; fileEncoding = 4; lastKnownFileType = sourcecode.c.h; path = SCGIFImageView.h; sourceTree = "<group>"; };
		083C36001786C30400B4E095 /* SCGIFImageView.m */ = {isa = PBXFileReference; fileEncoding = 4; lastKnownFileType = sourcecode.c.objc; path = SCGIFImageView.m; sourceTree = "<group>"; };
		084EBB4B184DD1BA00FAC37B /* MSKeyboardScrollView.h */ = {isa = PBXFileReference; fileEncoding = 4; lastKnownFileType = sourcecode.c.h; path = MSKeyboardScrollView.h; sourceTree = "<group>"; };
		084EBB4C184DD1BA00FAC37B /* MSKeyboardScrollView.m */ = {isa = PBXFileReference; fileEncoding = 4; lastKnownFileType = sourcecode.c.objc; path = MSKeyboardScrollView.m; sourceTree = "<group>"; };
		0851D36118F3E71A005EA6BD /* NSDate+Exts.h */ = {isa = PBXFileReference; fileEncoding = 4; lastKnownFileType = sourcecode.c.h; path = "NSDate+Exts.h"; sourceTree = "<group>"; };
		0851D36218F3E71A005EA6BD /* NSDate+Exts.m */ = {isa = PBXFileReference; fileEncoding = 4; lastKnownFileType = sourcecode.c.objc; path = "NSDate+Exts.m"; sourceTree = "<group>"; };
		0851D36618F3E72F005EA6BD /* STDb.h */ = {isa = PBXFileReference; fileEncoding = 4; lastKnownFileType = sourcecode.c.h; path = STDb.h; sourceTree = "<group>"; };
		0851D36718F3E72F005EA6BD /* STDb.m */ = {isa = PBXFileReference; fileEncoding = 4; lastKnownFileType = sourcecode.c.objc; path = STDb.m; sourceTree = "<group>"; };
		0851D36818F3E72F005EA6BD /* STDbHandle.h */ = {isa = PBXFileReference; fileEncoding = 4; lastKnownFileType = sourcecode.c.h; path = STDbHandle.h; sourceTree = "<group>"; };
		0851D36918F3E72F005EA6BD /* STDbHandle.m */ = {isa = PBXFileReference; fileEncoding = 4; lastKnownFileType = sourcecode.c.objc; path = STDbHandle.m; sourceTree = "<group>"; };
		0851D36A18F3E72F005EA6BD /* STDbKit.h */ = {isa = PBXFileReference; fileEncoding = 4; lastKnownFileType = sourcecode.c.h; path = STDbKit.h; sourceTree = "<group>"; };
		0851D36B18F3E72F005EA6BD /* STDbObject.h */ = {isa = PBXFileReference; fileEncoding = 4; lastKnownFileType = sourcecode.c.h; path = STDbObject.h; sourceTree = "<group>"; };
		0851D36C18F3E72F005EA6BD /* STDbObject.m */ = {isa = PBXFileReference; fileEncoding = 4; lastKnownFileType = sourcecode.c.objc; path = STDbObject.m; sourceTree = "<group>"; };
		0851D36D18F3E72F005EA6BD /* STDbVersion.h */ = {isa = PBXFileReference; fileEncoding = 4; lastKnownFileType = sourcecode.c.h; path = STDbVersion.h; sourceTree = "<group>"; };
		0861327619B6F3A500BFDD6A /* UITableView+Wave.h */ = {isa = PBXFileReference; fileEncoding = 4; lastKnownFileType = sourcecode.c.h; path = "UITableView+Wave.h"; sourceTree = "<group>"; };
		0861327719B6F3A500BFDD6A /* UITableView+Wave.m */ = {isa = PBXFileReference; fileEncoding = 4; lastKnownFileType = sourcecode.c.objc; path = "UITableView+Wave.m"; sourceTree = "<group>"; };
		0865C9FE1946B11900806F93 /* BaseScrollView.h */ = {isa = PBXFileReference; fileEncoding = 4; lastKnownFileType = sourcecode.c.h; path = BaseScrollView.h; sourceTree = "<group>"; };
		0865C9FF1946B11900806F93 /* BaseScrollView.m */ = {isa = PBXFileReference; fileEncoding = 4; lastKnownFileType = sourcecode.c.objc; path = BaseScrollView.m; sourceTree = "<group>"; };
		0865CA061946B5A800806F93 /* MBMenuView.h */ = {isa = PBXFileReference; fileEncoding = 4; lastKnownFileType = sourcecode.c.h; path = MBMenuView.h; sourceTree = "<group>"; };
		0865CA071946B5A800806F93 /* MBMenuView.m */ = {isa = PBXFileReference; fileEncoding = 4; lastKnownFileType = sourcecode.c.objc; path = MBMenuView.m; sourceTree = "<group>"; };
		086A65E51964FF50006A1FCB /* NSObject+ObjectMap.h */ = {isa = PBXFileReference; fileEncoding = 4; lastKnownFileType = sourcecode.c.h; path = "NSObject+ObjectMap.h"; sourceTree = "<group>"; };
		086A65E61964FF50006A1FCB /* NSObject+ObjectMap.m */ = {isa = PBXFileReference; fileEncoding = 4; lastKnownFileType = sourcecode.c.objc; path = "NSObject+ObjectMap.m"; sourceTree = "<group>"; };
		086D31AB1959243B0003F60B /* MenuItem.h */ = {isa = PBXFileReference; fileEncoding = 4; lastKnownFileType = sourcecode.c.h; path = MenuItem.h; sourceTree = "<group>"; };
		086D31AC1959243B0003F60B /* MenuItem.m */ = {isa = PBXFileReference; fileEncoding = 4; lastKnownFileType = sourcecode.c.objc; path = MenuItem.m; sourceTree = "<group>"; };
		086D31AD1959243B0003F60B /* SideMenu.h */ = {isa = PBXFileReference; fileEncoding = 4; lastKnownFileType = sourcecode.c.h; path = SideMenu.h; sourceTree = "<group>"; };
		086D31AE1959243B0003F60B /* SideMenu.m */ = {isa = PBXFileReference; fileEncoding = 4; lastKnownFileType = sourcecode.c.objc; path = SideMenu.m; sourceTree = "<group>"; };
		08716F7C19B5CDA2004FC31F /* AsyncImageView.h */ = {isa = PBXFileReference; fileEncoding = 4; lastKnownFileType = sourcecode.c.h; path = AsyncImageView.h; sourceTree = "<group>"; };
		08716F7D19B5CDA2004FC31F /* AsyncImageView.m */ = {isa = PBXFileReference; fileEncoding = 4; lastKnownFileType = sourcecode.c.objc; path = AsyncImageView.m; sourceTree = "<group>"; };
		08716F7E19B5CDA2004FC31F /* README.md */ = {isa = PBXFileReference; fileEncoding = 4; lastKnownFileType = text; path = README.md; sourceTree = "<group>"; };
		0885F47F1733AA1800246C02 /* Tools.app */ = {isa = PBXFileReference; explicitFileType = wrapper.application; includeInIndex = 0; path = Tools.app; sourceTree = BUILT_PRODUCTS_DIR; };
		0885F4831733AA1800246C02 /* UIKit.framework */ = {isa = PBXFileReference; lastKnownFileType = wrapper.framework; name = UIKit.framework; path = System/Library/Frameworks/UIKit.framework; sourceTree = SDKROOT; };
		0885F4851733AA1800246C02 /* Foundation.framework */ = {isa = PBXFileReference; lastKnownFileType = wrapper.framework; name = Foundation.framework; path = System/Library/Frameworks/Foundation.framework; sourceTree = SDKROOT; };
		0885F4871733AA1800246C02 /* CoreGraphics.framework */ = {isa = PBXFileReference; lastKnownFileType = wrapper.framework; name = CoreGraphics.framework; path = System/Library/Frameworks/CoreGraphics.framework; sourceTree = SDKROOT; };
		0885F48B1733AA1800246C02 /* Tools-Info.plist */ = {isa = PBXFileReference; lastKnownFileType = text.plist.xml; path = "Tools-Info.plist"; sourceTree = "<group>"; };
		0885F48D1733AA1800246C02 /* en */ = {isa = PBXFileReference; lastKnownFileType = text.plist.strings; name = en; path = en.lproj/InfoPlist.strings; sourceTree = "<group>"; };
		0885F48F1733AA1800246C02 /* main.m */ = {isa = PBXFileReference; lastKnownFileType = sourcecode.c.objc; path = main.m; sourceTree = "<group>"; };
		0885F4911733AA1800246C02 /* Tools-Prefix.pch */ = {isa = PBXFileReference; lastKnownFileType = sourcecode.c.h; path = "Tools-Prefix.pch"; sourceTree = "<group>"; };
		0885F4921733AA1800246C02 /* AppDelegate.h */ = {isa = PBXFileReference; lastKnownFileType = sourcecode.c.h; path = AppDelegate.h; sourceTree = "<group>"; };
		0885F4931733AA1800246C02 /* AppDelegate.m */ = {isa = PBXFileReference; lastKnownFileType = sourcecode.c.objc; path = AppDelegate.m; sourceTree = "<group>"; };
		0885F4951733AA1800246C02 /* Default.png */ = {isa = PBXFileReference; lastKnownFileType = image.png; path = Default.png; sourceTree = "<group>"; };
		0885F4971733AA1800246C02 /* Default@2x.png */ = {isa = PBXFileReference; lastKnownFileType = image.png; path = "Default@2x.png"; sourceTree = "<group>"; };
		0885F4991733AA1800246C02 /* Default-568h@2x.png */ = {isa = PBXFileReference; lastKnownFileType = image.png; path = "Default-568h@2x.png"; sourceTree = "<group>"; };
		0885F4A01733AA3200246C02 /* ADTools.h */ = {isa = PBXFileReference; fileEncoding = 4; lastKnownFileType = sourcecode.c.h; path = ADTools.h; sourceTree = "<group>"; };
		0885F4A11733AA3200246C02 /* ADTools.m */ = {isa = PBXFileReference; fileEncoding = 4; lastKnownFileType = sourcecode.c.objc; path = ADTools.m; sourceTree = "<group>"; };
		0885F4A31733AB7300246C02 /* WQPDFManager.h */ = {isa = PBXFileReference; fileEncoding = 4; lastKnownFileType = sourcecode.c.h; path = WQPDFManager.h; sourceTree = "<group>"; };
		0885F4A41733AB7300246C02 /* WQPDFManager.m */ = {isa = PBXFileReference; fileEncoding = 4; lastKnownFileType = sourcecode.c.objc; path = WQPDFManager.m; sourceTree = "<group>"; };
		088604E1182B8B3F005E5755 /* HPGrowingTextView.h */ = {isa = PBXFileReference; fileEncoding = 4; lastKnownFileType = sourcecode.c.h; path = HPGrowingTextView.h; sourceTree = "<group>"; };
		088604E2182B8B3F005E5755 /* HPGrowingTextView.m */ = {isa = PBXFileReference; fileEncoding = 4; lastKnownFileType = sourcecode.c.objc; path = HPGrowingTextView.m; sourceTree = "<group>"; };
		088604E3182B8B3F005E5755 /* HPTextViewInternal.h */ = {isa = PBXFileReference; fileEncoding = 4; lastKnownFileType = sourcecode.c.h; path = HPTextViewInternal.h; sourceTree = "<group>"; };
		088604E4182B8B3F005E5755 /* HPTextViewInternal.m */ = {isa = PBXFileReference; fileEncoding = 4; lastKnownFileType = sourcecode.c.objc; path = HPTextViewInternal.m; sourceTree = "<group>"; };
		0898D9F2192AFD6600AF4F41 /* RadioButton.h */ = {isa = PBXFileReference; fileEncoding = 4; lastKnownFileType = sourcecode.c.h; path = RadioButton.h; sourceTree = "<group>"; };
		0898D9F3192AFD6600AF4F41 /* RadioButton.m */ = {isa = PBXFileReference; fileEncoding = 4; lastKnownFileType = sourcecode.c.objc; path = RadioButton.m; sourceTree = "<group>"; };
		0898D9FD192B00D200AF4F41 /* CheckBox.h */ = {isa = PBXFileReference; fileEncoding = 4; lastKnownFileType = sourcecode.c.h; path = CheckBox.h; sourceTree = "<group>"; };
		0898D9FE192B00D200AF4F41 /* CheckBox.m */ = {isa = PBXFileReference; fileEncoding = 4; lastKnownFileType = sourcecode.c.objc; path = CheckBox.m; sourceTree = "<group>"; };
		0899C26D18AC72B5003745FE /* UIImageView+UIImageView_FaceAwareFill.h */ = {isa = PBXFileReference; fileEncoding = 4; lastKnownFileType = sourcecode.c.h; path = "UIImageView+UIImageView_FaceAwareFill.h"; sourceTree = "<group>"; };
		0899C26E18AC72B5003745FE /* UIImageView+UIImageView_FaceAwareFill.m */ = {isa = PBXFileReference; fileEncoding = 4; lastKnownFileType = sourcecode.c.objc; path = "UIImageView+UIImageView_FaceAwareFill.m"; sourceTree = "<group>"; };
		0899C27218AC98CD003745FE /* AutoCoding.h */ = {isa = PBXFileReference; fileEncoding = 4; lastKnownFileType = sourcecode.c.h; path = AutoCoding.h; sourceTree = "<group>"; };
		0899C27318AC98CD003745FE /* AutoCoding.m */ = {isa = PBXFileReference; fileEncoding = 4; lastKnownFileType = sourcecode.c.objc; path = AutoCoding.m; sourceTree = "<group>"; };
		0899C27718AC9D7E003745FE /* NSInvocation+SimpleCreation.h */ = {isa = PBXFileReference; fileEncoding = 4; lastKnownFileType = sourcecode.c.h; path = "NSInvocation+SimpleCreation.h"; sourceTree = "<group>"; };
		0899C27818AC9D7E003745FE /* NSInvocation+SimpleCreation.m */ = {isa = PBXFileReference; fileEncoding = 4; lastKnownFileType = sourcecode.c.objc; path = "NSInvocation+SimpleCreation.m"; sourceTree = "<group>"; };
		0899C27B18AC9E1E003745FE /* UILabel+ContentSize.h */ = {isa = PBXFileReference; fileEncoding = 4; lastKnownFileType = sourcecode.c.h; path = "UILabel+ContentSize.h"; sourceTree = "<group>"; };
		0899C27C18AC9E1E003745FE /* UILabel+ContentSize.m */ = {isa = PBXFileReference; fileEncoding = 4; lastKnownFileType = sourcecode.c.objc; path = "UILabel+ContentSize.m"; sourceTree = "<group>"; };
		0899C27F18AC9F99003745FE /* NSObject+Association.h */ = {isa = PBXFileReference; fileEncoding = 4; lastKnownFileType = sourcecode.c.h; path = "NSObject+Association.h"; sourceTree = "<group>"; };
		0899C28018AC9F99003745FE /* NSObject+Association.m */ = {isa = PBXFileReference; fileEncoding = 4; lastKnownFileType = sourcecode.c.objc; path = "NSObject+Association.m"; sourceTree = "<group>"; };
		0899C28318ACA17F003745FE /* NSObject+LogDealloc.h */ = {isa = PBXFileReference; fileEncoding = 4; lastKnownFileType = sourcecode.c.h; path = "NSObject+LogDealloc.h"; sourceTree = "<group>"; };
		0899C28418ACA17F003745FE /* NSObject+LogDealloc.m */ = {isa = PBXFileReference; fileEncoding = 4; lastKnownFileType = sourcecode.c.objc; path = "NSObject+LogDealloc.m"; sourceTree = "<group>"; };
		0899C28718ACA2DE003745FE /* NSNotificationCenter+SFObservers.h */ = {isa = PBXFileReference; fileEncoding = 4; lastKnownFileType = sourcecode.c.h; path = "NSNotificationCenter+SFObservers.h"; sourceTree = "<group>"; };
		0899C28818ACA2DE003745FE /* NSNotificationCenter+SFObservers.m */ = {isa = PBXFileReference; fileEncoding = 4; lastKnownFileType = sourcecode.c.objc; path = "NSNotificationCenter+SFObservers.m"; sourceTree = "<group>"; };
		0899C28918ACA2DE003745FE /* NSObject+SFObservers.h */ = {isa = PBXFileReference; fileEncoding = 4; lastKnownFileType = sourcecode.c.h; path = "NSObject+SFObservers.h"; sourceTree = "<group>"; };
		0899C28A18ACA2DE003745FE /* NSObject+SFObservers.m */ = {isa = PBXFileReference; fileEncoding = 4; lastKnownFileType = sourcecode.c.objc; path = "NSObject+SFObservers.m"; sourceTree = "<group>"; };
		0899C28C18ACA2DE003745FE /* NSObject+SFExecuteOnDealloc.h */ = {isa = PBXFileReference; fileEncoding = 4; lastKnownFileType = sourcecode.c.h; path = "NSObject+SFExecuteOnDealloc.h"; sourceTree = "<group>"; };
		0899C28D18ACA2DE003745FE /* NSObject+SFExecuteOnDealloc.m */ = {isa = PBXFileReference; fileEncoding = 4; lastKnownFileType = sourcecode.c.objc; path = "NSObject+SFExecuteOnDealloc.m"; sourceTree = "<group>"; };
		0899C28E18ACA2DE003745FE /* SFObservers.h */ = {isa = PBXFileReference; fileEncoding = 4; lastKnownFileType = sourcecode.c.h; path = SFObservers.h; sourceTree = "<group>"; };
		0899C29318ACA520003745FE /* UIView+Recursion.h */ = {isa = PBXFileReference; fileEncoding = 4; lastKnownFileType = sourcecode.c.h; path = "UIView+Recursion.h"; sourceTree = "<group>"; };
		0899C29418ACA520003745FE /* UIView+Recursion.m */ = {isa = PBXFileReference; fileEncoding = 4; lastKnownFileType = sourcecode.c.objc; path = "UIView+Recursion.m"; sourceTree = "<group>"; };
		0899C29718ACA94B003745FE /* UIView+RoundedCorners.h */ = {isa = PBXFileReference; fileEncoding = 4; lastKnownFileType = sourcecode.c.h; path = "UIView+RoundedCorners.h"; sourceTree = "<group>"; };
		0899C29818ACA94B003745FE /* UIView+RoundedCorners.m */ = {isa = PBXFileReference; fileEncoding = 4; lastKnownFileType = sourcecode.c.objc; path = "UIView+RoundedCorners.m"; sourceTree = "<group>"; };
		0899C29B18ACB13C003745FE /* NSDate+Escort.h */ = {isa = PBXFileReference; fileEncoding = 4; lastKnownFileType = sourcecode.c.h; path = "NSDate+Escort.h"; sourceTree = "<group>"; };
		0899C29C18ACB13C003745FE /* NSDate+Escort.m */ = {isa = PBXFileReference; fileEncoding = 4; lastKnownFileType = sourcecode.c.objc; path = "NSDate+Escort.m"; sourceTree = "<group>"; };
		0899C29F18ACB465003745FE /* Toast+UIView.h */ = {isa = PBXFileReference; fileEncoding = 4; lastKnownFileType = sourcecode.c.h; path = "Toast+UIView.h"; sourceTree = "<group>"; };
		0899C2A018ACB465003745FE /* Toast+UIView.m */ = {isa = PBXFileReference; fileEncoding = 4; lastKnownFileType = sourcecode.c.objc; path = "Toast+UIView.m"; sourceTree = "<group>"; };
		0899C2A218ACC958003745FE /* UIImage+ProportionalFill.h */ = {isa = PBXFileReference; fileEncoding = 4; lastKnownFileType = sourcecode.c.h; path = "UIImage+ProportionalFill.h"; sourceTree = "<group>"; };
		0899C2A318ACC958003745FE /* UIImage+ProportionalFill.m */ = {isa = PBXFileReference; fileEncoding = 4; lastKnownFileType = sourcecode.c.objc; path = "UIImage+ProportionalFill.m"; sourceTree = "<group>"; };
		0899C2A418ACC958003745FE /* UIImage+Tint.h */ = {isa = PBXFileReference; fileEncoding = 4; lastKnownFileType = sourcecode.c.h; path = "UIImage+Tint.h"; sourceTree = "<group>"; };
		0899C2A518ACC958003745FE /* UIImage+Tint.m */ = {isa = PBXFileReference; fileEncoding = 4; lastKnownFileType = sourcecode.c.objc; path = "UIImage+Tint.m"; sourceTree = "<group>"; };
		0899C2AC18ACCA96003745FE /* NSDate+Helper.h */ = {isa = PBXFileReference; fileEncoding = 4; lastKnownFileType = sourcecode.c.h; path = "NSDate+Helper.h"; sourceTree = "<group>"; };
		0899C2AD18ACCA96003745FE /* NSDate+Helper.m */ = {isa = PBXFileReference; fileEncoding = 4; lastKnownFileType = sourcecode.c.objc; path = "NSDate+Helper.m"; sourceTree = "<group>"; };
		089B31701AE4D300007B2EA3 /* UIScrollView+ParallaxHeader.h */ = {isa = PBXFileReference; fileEncoding = 4; lastKnownFileType = sourcecode.c.h; path = "UIScrollView+ParallaxHeader.h"; sourceTree = "<group>"; };
		089B31711AE4D300007B2EA3 /* UIScrollView+ParallaxHeader.m */ = {isa = PBXFileReference; fileEncoding = 4; lastKnownFileType = sourcecode.c.objc; path = "UIScrollView+ParallaxHeader.m"; sourceTree = "<group>"; };
		089E0606186D7D51009743F7 /* UIView+Utils.h */ = {isa = PBXFileReference; fileEncoding = 4; lastKnownFileType = sourcecode.c.h; path = "UIView+Utils.h"; sourceTree = "<group>"; };
		089E0607186D7D51009743F7 /* UIView+Utils.m */ = {isa = PBXFileReference; fileEncoding = 4; lastKnownFileType = sourcecode.c.objc; path = "UIView+Utils.m"; sourceTree = "<group>"; };
		08A9D7021738D11D00CBE0BA /* TFHpple.h */ = {isa = PBXFileReference; fileEncoding = 4; lastKnownFileType = sourcecode.c.h; path = TFHpple.h; sourceTree = "<group>"; };
		08A9D7031738D11D00CBE0BA /* TFHpple.m */ = {isa = PBXFileReference; fileEncoding = 4; lastKnownFileType = sourcecode.c.objc; path = TFHpple.m; sourceTree = "<group>"; };
		08A9D7041738D11D00CBE0BA /* TFHppleElement.h */ = {isa = PBXFileReference; fileEncoding = 4; lastKnownFileType = sourcecode.c.h; path = TFHppleElement.h; sourceTree = "<group>"; };
		08A9D7051738D11D00CBE0BA /* TFHppleElement.m */ = {isa = PBXFileReference; fileEncoding = 4; lastKnownFileType = sourcecode.c.objc; path = TFHppleElement.m; sourceTree = "<group>"; };
		08A9D7061738D11D00CBE0BA /* XPathQuery.h */ = {isa = PBXFileReference; fileEncoding = 4; lastKnownFileType = sourcecode.c.h; path = XPathQuery.h; sourceTree = "<group>"; };
		08A9D7071738D11D00CBE0BA /* XPathQuery.m */ = {isa = PBXFileReference; fileEncoding = 4; lastKnownFileType = sourcecode.c.objc; path = XPathQuery.m; sourceTree = "<group>"; };
		08ABB35D1749DD5E00DC543E /* Helper.h */ = {isa = PBXFileReference; fileEncoding = 4; lastKnownFileType = sourcecode.c.h; path = Helper.h; sourceTree = "<group>"; };
		08AC0268192EF0D1004BA73E /* MKBlockAdditions.h */ = {isa = PBXFileReference; fileEncoding = 4; lastKnownFileType = sourcecode.c.h; path = MKBlockAdditions.h; sourceTree = "<group>"; };
		08AC0269192EF0D1004BA73E /* NSObject+MKBlockAdditions.h */ = {isa = PBXFileReference; fileEncoding = 4; lastKnownFileType = sourcecode.c.h; path = "NSObject+MKBlockAdditions.h"; sourceTree = "<group>"; };
		08AC026A192EF0D1004BA73E /* NSObject+MKBlockAdditions.m */ = {isa = PBXFileReference; fileEncoding = 4; lastKnownFileType = sourcecode.c.objc; path = "NSObject+MKBlockAdditions.m"; sourceTree = "<group>"; };
		08AC026B192EF0D1004BA73E /* UIActionSheet+MKBlockAdditions.h */ = {isa = PBXFileReference; fileEncoding = 4; lastKnownFileType = sourcecode.c.h; path = "UIActionSheet+MKBlockAdditions.h"; sourceTree = "<group>"; };
		08AC026C192EF0D1004BA73E /* UIActionSheet+MKBlockAdditions.m */ = {isa = PBXFileReference; fileEncoding = 4; lastKnownFileType = sourcecode.c.objc; path = "UIActionSheet+MKBlockAdditions.m"; sourceTree = "<group>"; };
		08AC026D192EF0D1004BA73E /* UIAlertView+MKBlockAdditions.h */ = {isa = PBXFileReference; fileEncoding = 4; lastKnownFileType = sourcecode.c.h; path = "UIAlertView+MKBlockAdditions.h"; sourceTree = "<group>"; };
		08AC026E192EF0D1004BA73E /* UIAlertView+MKBlockAdditions.m */ = {isa = PBXFileReference; fileEncoding = 4; lastKnownFileType = sourcecode.c.objc; path = "UIAlertView+MKBlockAdditions.m"; sourceTree = "<group>"; };
		08B510E918BB3EE9003A8F60 /* UITextField+Shake.h */ = {isa = PBXFileReference; fileEncoding = 4; lastKnownFileType = sourcecode.c.h; path = "UITextField+Shake.h"; sourceTree = "<group>"; };
		08B510EA18BB3EE9003A8F60 /* UITextField+Shake.m */ = {isa = PBXFileReference; fileEncoding = 4; lastKnownFileType = sourcecode.c.objc; path = "UITextField+Shake.m"; sourceTree = "<group>"; };
		08B5DBAC17794BE20078A68D /* CustomSwitch.h */ = {isa = PBXFileReference; fileEncoding = 4; lastKnownFileType = sourcecode.c.h; path = CustomSwitch.h; sourceTree = "<group>"; };
		08B5DBAD17794BE20078A68D /* CustomSwitch.m */ = {isa = PBXFileReference; fileEncoding = 4; lastKnownFileType = sourcecode.c.objc; path = CustomSwitch.m; sourceTree = "<group>"; };
		08B5DBAE17794BE20078A68D /* CustomSwitch.xib */ = {isa = PBXFileReference; fileEncoding = 4; lastKnownFileType = file.xib; path = CustomSwitch.xib; sourceTree = "<group>"; };
		08BAC9F81794F4810016CCFD /* ChineseToPinyin.h */ = {isa = PBXFileReference; fileEncoding = 4; lastKnownFileType = sourcecode.c.h; path = ChineseToPinyin.h; sourceTree = "<group>"; };
		08BAC9F91794F4810016CCFD /* ChineseToPinyin.m */ = {isa = PBXFileReference; fileEncoding = 4; lastKnownFileType = sourcecode.c.objc; path = ChineseToPinyin.m; sourceTree = "<group>"; };
		08D15D52175DEA6E003002F9 /* Keychain.h */ = {isa = PBXFileReference; fileEncoding = 4; lastKnownFileType = sourcecode.c.h; path = Keychain.h; sourceTree = "<group>"; };
		08D15D53175DEA6E003002F9 /* Keychain.m */ = {isa = PBXFileReference; fileEncoding = 4; lastKnownFileType = sourcecode.c.objc; path = Keychain.m; sourceTree = "<group>"; };
		08D3A7B6173758FD00220430 /* UIImage+Auto_fit.h */ = {isa = PBXFileReference; fileEncoding = 4; lastKnownFileType = sourcecode.c.h; path = "UIImage+Auto_fit.h"; sourceTree = "<group>"; };
		08D3A7B7173758FD00220430 /* UIImage+Auto_fit.m */ = {isa = PBXFileReference; fileEncoding = 4; lastKnownFileType = sourcecode.c.objc; path = "UIImage+Auto_fit.m"; sourceTree = "<group>"; };
		08D3A8081737B74E00220430 /* NAPhoto.h */ = {isa = PBXFileReference; fileEncoding = 4; lastKnownFileType = sourcecode.c.h; path = NAPhoto.h; sourceTree = "<group>"; };
		08D3A8091737B74E00220430 /* NAPhoto.m */ = {isa = PBXFileReference; fileEncoding = 4; lastKnownFileType = sourcecode.c.objc; path = NAPhoto.m; sourceTree = "<group>"; };
		08D3A80A1737B74E00220430 /* NAPhotoBrowser.h */ = {isa = PBXFileReference; fileEncoding = 4; lastKnownFileType = sourcecode.c.h; path = NAPhotoBrowser.h; sourceTree = "<group>"; };
		08D3A80B1737B74E00220430 /* NAPhotoBrowser.m */ = {isa = PBXFileReference; fileEncoding = 4; lastKnownFileType = sourcecode.c.objc; path = NAPhotoBrowser.m; sourceTree = "<group>"; };
		08D3A80C1737B74E00220430 /* UIImage+Decompress.h */ = {isa = PBXFileReference; fileEncoding = 4; lastKnownFileType = sourcecode.c.h; path = "UIImage+Decompress.h"; sourceTree = "<group>"; };
		08D3A80D1737B74E00220430 /* UIImage+Decompress.m */ = {isa = PBXFileReference; fileEncoding = 4; lastKnownFileType = sourcecode.c.objc; path = "UIImage+Decompress.m"; sourceTree = "<group>"; };
		08D3A80E1737B74E00220430 /* UIImageViewTap.h */ = {isa = PBXFileReference; fileEncoding = 4; lastKnownFileType = sourcecode.c.h; path = UIImageViewTap.h; sourceTree = "<group>"; };
		08D3A80F1737B74E00220430 /* UIImageViewTap.m */ = {isa = PBXFileReference; fileEncoding = 4; lastKnownFileType = sourcecode.c.objc; path = UIImageViewTap.m; sourceTree = "<group>"; };
		08D3A8101737B74E00220430 /* UIViewTap.h */ = {isa = PBXFileReference; fileEncoding = 4; lastKnownFileType = sourcecode.c.h; path = UIViewTap.h; sourceTree = "<group>"; };
		08D3A8111737B74E00220430 /* UIViewTap.m */ = {isa = PBXFileReference; fileEncoding = 4; lastKnownFileType = sourcecode.c.objc; path = UIViewTap.m; sourceTree = "<group>"; };
		08D3A8121737B74E00220430 /* ZoomingScrollView.h */ = {isa = PBXFileReference; fileEncoding = 4; lastKnownFileType = sourcecode.c.h; path = ZoomingScrollView.h; sourceTree = "<group>"; };
		08D3A8131737B74E00220430 /* ZoomingScrollView.m */ = {isa = PBXFileReference; fileEncoding = 4; lastKnownFileType = sourcecode.c.objc; path = ZoomingScrollView.m; sourceTree = "<group>"; };
		08D3A81D1737B75800220430 /* crypt.h */ = {isa = PBXFileReference; fileEncoding = 4; lastKnownFileType = sourcecode.c.h; path = crypt.h; sourceTree = "<group>"; };
		08D3A81E1737B75800220430 /* ioapi.c */ = {isa = PBXFileReference; fileEncoding = 4; lastKnownFileType = sourcecode.c.c; path = ioapi.c; sourceTree = "<group>"; };
		08D3A81F1737B75800220430 /* ioapi.h */ = {isa = PBXFileReference; fileEncoding = 4; lastKnownFileType = sourcecode.c.h; path = ioapi.h; sourceTree = "<group>"; };
		08D3A8201737B75800220430 /* mztools.c */ = {isa = PBXFileReference; fileEncoding = 4; lastKnownFileType = sourcecode.c.c; path = mztools.c; sourceTree = "<group>"; };
		08D3A8211737B75800220430 /* mztools.h */ = {isa = PBXFileReference; fileEncoding = 4; lastKnownFileType = sourcecode.c.h; path = mztools.h; sourceTree = "<group>"; };
		08D3A8221737B75800220430 /* unzip.c */ = {isa = PBXFileReference; fileEncoding = 4; lastKnownFileType = sourcecode.c.c; path = unzip.c; sourceTree = "<group>"; };
		08D3A8231737B75800220430 /* unzip.h */ = {isa = PBXFileReference; fileEncoding = 4; lastKnownFileType = sourcecode.c.h; path = unzip.h; sourceTree = "<group>"; };
		08D3A8241737B75800220430 /* zip.c */ = {isa = PBXFileReference; fileEncoding = 4; lastKnownFileType = sourcecode.c.c; path = zip.c; sourceTree = "<group>"; };
		08D3A8251737B75800220430 /* zip.h */ = {isa = PBXFileReference; fileEncoding = 4; lastKnownFileType = sourcecode.c.h; path = zip.h; sourceTree = "<group>"; };
		08D3A8261737B75800220430 /* readme.txt */ = {isa = PBXFileReference; fileEncoding = 4; lastKnownFileType = text; path = readme.txt; sourceTree = "<group>"; };
		08D3A8271737B75800220430 /* ZipArchive.h */ = {isa = PBXFileReference; fileEncoding = 4; lastKnownFileType = sourcecode.c.h; path = ZipArchive.h; sourceTree = "<group>"; };
		08D3A8281737B75800220430 /* ZipArchive.mm */ = {isa = PBXFileReference; fileEncoding = 4; lastKnownFileType = sourcecode.cpp.objcpp; path = ZipArchive.mm; sourceTree = "<group>"; };
		08D3A8301737B75E00220430 /* SVProgressHUD.bundle */ = {isa = PBXFileReference; lastKnownFileType = "wrapper.plug-in"; path = SVProgressHUD.bundle; sourceTree = "<group>"; };
		08D3A8311737B75E00220430 /* SVProgressHUD.h */ = {isa = PBXFileReference; fileEncoding = 4; lastKnownFileType = sourcecode.c.h; path = SVProgressHUD.h; sourceTree = "<group>"; };
		08D3A8321737B75E00220430 /* SVProgressHUD.m */ = {isa = PBXFileReference; fileEncoding = 4; lastKnownFileType = sourcecode.c.objc; path = SVProgressHUD.m; sourceTree = "<group>"; };
		08D3A8361737B76700220430 /* JWFolders.h */ = {isa = PBXFileReference; fileEncoding = 4; lastKnownFileType = sourcecode.c.h; path = JWFolders.h; sourceTree = "<group>"; };
		08D3A8371737B76700220430 /* JWFolders.m */ = {isa = PBXFileReference; fileEncoding = 4; lastKnownFileType = sourcecode.c.objc; path = JWFolders.m; sourceTree = "<group>"; };
		08D3A8381737B76700220430 /* UIScreen+Scale.h */ = {isa = PBXFileReference; fileEncoding = 4; lastKnownFileType = sourcecode.c.h; path = "UIScreen+Scale.h"; sourceTree = "<group>"; };
		08D3A8391737B76700220430 /* UIScreen+Scale.m */ = {isa = PBXFileReference; fileEncoding = 4; lastKnownFileType = sourcecode.c.objc; path = "UIScreen+Scale.m"; sourceTree = "<group>"; };
		08D3A83A1737B76700220430 /* UIView+Screenshot.h */ = {isa = PBXFileReference; fileEncoding = 4; lastKnownFileType = sourcecode.c.h; path = "UIView+Screenshot.h"; sourceTree = "<group>"; };
		08D3A83B1737B76700220430 /* UIView+Screenshot.m */ = {isa = PBXFileReference; fileEncoding = 4; lastKnownFileType = sourcecode.c.objc; path = "UIView+Screenshot.m"; sourceTree = "<group>"; };
		08D3A8401737B77F00220430 /* SliderControl.h */ = {isa = PBXFileReference; fileEncoding = 4; lastKnownFileType = sourcecode.c.h; path = SliderControl.h; sourceTree = "<group>"; };
		08D3A8411737B77F00220430 /* SliderControl.m */ = {isa = PBXFileReference; fileEncoding = 4; lastKnownFileType = sourcecode.c.objc; path = SliderControl.m; sourceTree = "<group>"; };
		08D3A8451737B78D00220430 /* AppDelegate.h */ = {isa = PBXFileReference; fileEncoding = 4; lastKnownFileType = sourcecode.c.h; path = AppDelegate.h; sourceTree = "<group>"; };
		08D3A8461737B78D00220430 /* AppDelegate.m */ = {isa = PBXFileReference; fileEncoding = 4; lastKnownFileType = sourcecode.c.objc; path = AppDelegate.m; sourceTree = "<group>"; };
		08D3A8471737B78D00220430 /* D02.jpg */ = {isa = PBXFileReference; lastKnownFileType = image.jpeg; path = D02.jpg; sourceTree = "<group>"; };
		08D3A8491737B78D00220430 /* en */ = {isa = PBXFileReference; lastKnownFileType = text.plist.strings; name = en; path = en.lproj/InfoPlist.strings; sourceTree = "<group>"; };
		08D3A84B1737B78D00220430 /* en */ = {isa = PBXFileReference; lastKnownFileType = file.xib; name = en; path = en.lproj/ViewController.xib; sourceTree = "<group>"; };
		08D3A84C1737B78D00220430 /* ImageMaskView.h */ = {isa = PBXFileReference; fileEncoding = 4; lastKnownFileType = sourcecode.c.h; path = ImageMaskView.h; sourceTree = "<group>"; };
		08D3A84D1737B78D00220430 /* ImageMaskView.mm */ = {isa = PBXFileReference; fileEncoding = 4; lastKnownFileType = sourcecode.cpp.objcpp; path = ImageMaskView.mm; sourceTree = "<group>"; };
		08D3A84E1737B78D00220430 /* main.m */ = {isa = PBXFileReference; fileEncoding = 4; lastKnownFileType = sourcecode.c.objc; path = main.m; sourceTree = "<group>"; };
		08D3A84F1737B78D00220430 /* mask.png */ = {isa = PBXFileReference; lastKnownFileType = image.png; path = mask.png; sourceTree = "<group>"; };
		08D3A8501737B78D00220430 /* MaskView-Info.plist */ = {isa = PBXFileReference; fileEncoding = 4; lastKnownFileType = text.plist.xml; path = "MaskView-Info.plist"; sourceTree = "<group>"; };
		08D3A8511737B78D00220430 /* MaskView-Prefix.pch */ = {isa = PBXFileReference; fileEncoding = 4; lastKnownFileType = sourcecode.c.h; path = "MaskView-Prefix.pch"; sourceTree = "<group>"; };
		08D3A8521737B78D00220430 /* MaskView.h */ = {isa = PBXFileReference; fileEncoding = 4; lastKnownFileType = sourcecode.c.h; path = MaskView.h; sourceTree = "<group>"; };
		08D3A8531737B78D00220430 /* MaskView.m */ = {isa = PBXFileReference; fileEncoding = 4; lastKnownFileType = sourcecode.c.objc; path = MaskView.m; sourceTree = "<group>"; };
		08D3A8541737B78D00220430 /* Matrix.h */ = {isa = PBXFileReference; fileEncoding = 4; lastKnownFileType = sourcecode.c.h; path = Matrix.h; sourceTree = "<group>"; };
		08D3A8551737B78D00220430 /* Matrix.m */ = {isa = PBXFileReference; fileEncoding = 4; lastKnownFileType = sourcecode.c.objc; path = Matrix.m; sourceTree = "<group>"; };
		08D3A8571737B78D00220430 /* STScratchView.h */ = {isa = PBXFileReference; fileEncoding = 4; lastKnownFileType = sourcecode.c.h; path = STScratchView.h; sourceTree = "<group>"; };
		08D3A8581737B78D00220430 /* STScratchView.m */ = {isa = PBXFileReference; fileEncoding = 4; lastKnownFileType = sourcecode.c.objc; path = STScratchView.m; sourceTree = "<group>"; };
		08D3A8591737B78D00220430 /* ViewController.h */ = {isa = PBXFileReference; fileEncoding = 4; lastKnownFileType = sourcecode.c.h; path = ViewController.h; sourceTree = "<group>"; };
		08D3A85A1737B78D00220430 /* ViewController.m */ = {isa = PBXFileReference; fileEncoding = 4; lastKnownFileType = sourcecode.c.objc; path = ViewController.m; sourceTree = "<group>"; };
		08D3A85B1737B78D00220430 /* MaskView.xcodeproj */ = {isa = PBXFileReference; lastKnownFileType = "wrapper.pb-project"; path = MaskView.xcodeproj; sourceTree = "<group>"; };
		08D3C174174B04CC00406755 /* UIImageView+TapGesture.h */ = {isa = PBXFileReference; fileEncoding = 4; lastKnownFileType = sourcecode.c.h; path = "UIImageView+TapGesture.h"; sourceTree = "<group>"; };
		08D3C175174B04CC00406755 /* UIImageView+TapGesture.m */ = {isa = PBXFileReference; fileEncoding = 4; lastKnownFileType = sourcecode.c.objc; path = "UIImageView+TapGesture.m"; sourceTree = "<group>"; };
		08D3C198174B5BE500406755 /* QuartzCore.framework */ = {isa = PBXFileReference; lastKnownFileType = wrapper.framework; name = QuartzCore.framework; path = System/Library/Frameworks/QuartzCore.framework; sourceTree = SDKROOT; };
		08DCA8A917AA48DD00E3F528 /* UIImage+ImageEffects.h */ = {isa = PBXFileReference; fileEncoding = 4; lastKnownFileType = sourcecode.c.h; path = "UIImage+ImageEffects.h"; sourceTree = "<group>"; };
		08DCA8AA17AA48DD00E3F528 /* UIImage+ImageEffects.m */ = {isa = PBXFileReference; fileEncoding = 4; lastKnownFileType = sourcecode.c.objc; path = "UIImage+ImageEffects.m"; sourceTree = "<group>"; };
		08DCA96917AA5A7E00E3F528 /* JScrollView+PageControl+AutoScroll.h */ = {isa = PBXFileReference; fileEncoding = 4; lastKnownFileType = sourcecode.c.h; path = "JScrollView+PageControl+AutoScroll.h"; sourceTree = "<group>"; };
		08DCA96A17AA5A7E00E3F528 /* JScrollView+PageControl+AutoScroll.m */ = {isa = PBXFileReference; fileEncoding = 4; lastKnownFileType = sourcecode.c.objc; path = "JScrollView+PageControl+AutoScroll.m"; sourceTree = "<group>"; };
		08F9F06318AE07E300DF5815 /* XMLReader.h */ = {isa = PBXFileReference; fileEncoding = 4; lastKnownFileType = sourcecode.c.h; path = XMLReader.h; sourceTree = "<group>"; };
		08F9F06418AE07E300DF5815 /* XMLReader.m */ = {isa = PBXFileReference; fileEncoding = 4; lastKnownFileType = sourcecode.c.objc; path = XMLReader.m; sourceTree = "<group>"; };
		6D5E0F6D1B8C531E00B78C5D /* ADRadiusView.m */ = {isa = PBXFileReference; fileEncoding = 4; lastKnownFileType = sourcecode.c.objc; path = ADRadiusView.m; sourceTree = "<group>"; };
		6D5E0F6E1B8C531E00B78C5D /* ADRadiusView.h */ = {isa = PBXFileReference; fileEncoding = 4; lastKnownFileType = sourcecode.c.h; path = ADRadiusView.h; sourceTree = "<group>"; };
		6D5E0F731B8D5E8900B78C5D /* UILabel+BezierAnimation.h */ = {isa = PBXFileReference; fileEncoding = 4; lastKnownFileType = sourcecode.c.h; path = "UILabel+BezierAnimation.h"; sourceTree = "<group>"; };
		6D5E0F741B8D5E8900B78C5D /* UILabel+BezierAnimation.m */ = {isa = PBXFileReference; fileEncoding = 4; lastKnownFileType = sourcecode.c.objc; path = "UILabel+BezierAnimation.m"; sourceTree = "<group>"; };
		6D5E0F751B8D5E8900B78C5D /* WSBezier.h */ = {isa = PBXFileReference; fileEncoding = 4; lastKnownFileType = sourcecode.c.h; path = WSBezier.h; sourceTree = "<group>"; };
		6D5E0F761B8D5E8900B78C5D /* WSBezier.m */ = {isa = PBXFileReference; fileEncoding = 4; lastKnownFileType = sourcecode.c.objc; path = WSBezier.m; sourceTree = "<group>"; };
		6DB7BAC81BA9A184003C4F6E /* UIControl+TapLimit.h */ = {isa = PBXFileReference; fileEncoding = 4; lastKnownFileType = sourcecode.c.h; path = "UIControl+TapLimit.h"; sourceTree = "<group>"; };
		6DB7BAC91BA9A184003C4F6E /* UIControl+TapLimit.m */ = {isa = PBXFileReference; fileEncoding = 4; lastKnownFileType = sourcecode.c.objc; path = "UIControl+TapLimit.m"; sourceTree = "<group>"; };
		6DC359131B5783B00015A680 /* LaunchPlayerView.h */ = {isa = PBXFileReference; fileEncoding = 4; lastKnownFileType = sourcecode.c.h; path = LaunchPlayerView.h; sourceTree = "<group>"; };
		6DC359141B5783B10015A680 /* LaunchPlayerView.m */ = {isa = PBXFileReference; fileEncoding = 4; lastKnownFileType = sourcecode.c.objc; path = LaunchPlayerView.m; sourceTree = "<group>"; };
		6DFE4B761B4E1CC300A009CE /* IDNLoopView.h */ = {isa = PBXFileReference; fileEncoding = 4; lastKnownFileType = sourcecode.c.h; name = IDNLoopView.h; path = Tools/IDNLoopView.h; sourceTree = SOURCE_ROOT; };
		6DFE4B771B4E1CC300A009CE /* IDNLoopView.m */ = {isa = PBXFileReference; fileEncoding = 4; lastKnownFileType = sourcecode.c.objc; name = IDNLoopView.m; path = Tools/IDNLoopView.m; sourceTree = SOURCE_ROOT; };
/* End PBXFileReference section */

/* Begin PBXFrameworksBuildPhase section */
		0885F47C1733AA1800246C02 /* Frameworks */ = {
			isa = PBXFrameworksBuildPhase;
			buildActionMask = 2147483647;
			files = (
				08D3C199174B5BE500406755 /* QuartzCore.framework in Frameworks */,
				0885F4841733AA1800246C02 /* UIKit.framework in Frameworks */,
				0885F4861733AA1800246C02 /* Foundation.framework in Frameworks */,
				0885F4881733AA1800246C02 /* CoreGraphics.framework in Frameworks */,
			);
			runOnlyForDeploymentPostprocessing = 0;
		};
/* End PBXFrameworksBuildPhase section */

/* Begin PBXGroup section */
		08035FCA1778463E00B145FA /* GTTabBar */ = {
			isa = PBXGroup;
			children = (
				08035FCB1778463E00B145FA /* GTTabBar.h */,
				08035FCC1778463E00B145FA /* GTTabBar.m */,
				08035FCD1778463E00B145FA /* GTTabBarController.h */,
				08035FCE1778463E00B145FA /* GTTabBarController.m */,
			);
			path = GTTabBar;
			sourceTree = "<group>";
		};
		0803A6BB1900EE46000623AA /* ASValueTrackingSlider */ = {
			isa = PBXGroup;
			children = (
				0803A6BC1900EE46000623AA /* ASValuePopUpView.h */,
				0803A6BD1900EE46000623AA /* ASValuePopUpView.m */,
				0803A6BE1900EE46000623AA /* ASValueTrackingSlider.h */,
				0803A6BF1900EE46000623AA /* ASValueTrackingSlider.m */,
			);
			path = ASValueTrackingSlider;
			sourceTree = "<group>";
		};
		0803A6E519011BE9000623AA /* NSObject+AutoDescription */ = {
			isa = PBXGroup;
			children = (
				0803A6E619011BE9000623AA /* NSObject+AutoDescription.h */,
				0803A6E719011BE9000623AA /* NSObject+AutoDescription.m */,
				0803A6E819011BE9000623AA /* NSObject+CleanDescription.h */,
				0803A6E919011BE9000623AA /* NSObject+CleanDescription.m */,
			);
			path = "NSObject+AutoDescription";
			sourceTree = "<group>";
		};
		08054D09179E6F84005F80BA /* 截图 */ = {
			isa = PBXGroup;
			children = (
				08054D0A179E6F84005F80BA /* BJImageCropper.h */,
				08054D0B179E6F84005F80BA /* BJImageCropper.m */,
			);
			path = "截图";
			sourceTree = "<group>";
		};
		0809975C196BD1CF004CE242 /* CycleScrollView */ = {
			isa = PBXGroup;
			children = (
				6DFE4B761B4E1CC300A009CE /* IDNLoopView.h */,
				6DFE4B771B4E1CC300A009CE /* IDNLoopView.m */,
			);
			path = CycleScrollView;
			sourceTree = "<group>";
		};
		080A9DF7178AAC1600874A8F /* iVersion */ = {
			isa = PBXGroup;
			children = (
				080A9DF8178AAC1600874A8F /* iVersion.bundle */,
				080A9DF9178AAC1600874A8F /* iVersion.h */,
				080A9DFA178AAC1600874A8F /* iVersion.m */,
			);
			path = iVersion;
			sourceTree = "<group>";
		};
		0851D36518F3E72F005EA6BD /* STDB */ = {
			isa = PBXGroup;
			children = (
				0851D36618F3E72F005EA6BD /* STDb.h */,
				0851D36718F3E72F005EA6BD /* STDb.m */,
				0851D36818F3E72F005EA6BD /* STDbHandle.h */,
				0851D36918F3E72F005EA6BD /* STDbHandle.m */,
				0851D36A18F3E72F005EA6BD /* STDbKit.h */,
				0851D36B18F3E72F005EA6BD /* STDbObject.h */,
				0851D36C18F3E72F005EA6BD /* STDbObject.m */,
				0851D36D18F3E72F005EA6BD /* STDbVersion.h */,
			);
			path = STDB;
			sourceTree = "<group>";
		};
		0861327519B6F3A500BFDD6A /* Wave */ = {
			isa = PBXGroup;
			children = (
				0861327619B6F3A500BFDD6A /* UITableView+Wave.h */,
				0861327719B6F3A500BFDD6A /* UITableView+Wave.m */,
			);
			path = Wave;
			sourceTree = "<group>";
		};
		086A65E41964FF50006A1FCB /* NSObject-ObjectMap */ = {
			isa = PBXGroup;
			children = (
				086A65E51964FF50006A1FCB /* NSObject+ObjectMap.h */,
				086A65E61964FF50006A1FCB /* NSObject+ObjectMap.m */,
			);
			path = "NSObject-ObjectMap";
			sourceTree = "<group>";
		};
		086D31AA1959243B0003F60B /* SideMenu */ = {
			isa = PBXGroup;
			children = (
				086D31AB1959243B0003F60B /* MenuItem.h */,
				086D31AC1959243B0003F60B /* MenuItem.m */,
				086D31AD1959243B0003F60B /* SideMenu.h */,
				086D31AE1959243B0003F60B /* SideMenu.m */,
			);
			path = SideMenu;
			sourceTree = "<group>";
		};
		08716F7B19B5CDA2004FC31F /* AsyncImageView */ = {
			isa = PBXGroup;
			children = (
				08716F7C19B5CDA2004FC31F /* AsyncImageView.h */,
				08716F7D19B5CDA2004FC31F /* AsyncImageView.m */,
				08716F7E19B5CDA2004FC31F /* README.md */,
			);
			path = AsyncImageView;
			sourceTree = "<group>";
		};
		0885F4741733AA1800246C02 = {
			isa = PBXGroup;
			children = (
				0885F4891733AA1800246C02 /* Tools */,
				0885F4821733AA1800246C02 /* Frameworks */,
				0885F4801733AA1800246C02 /* Products */,
			);
			sourceTree = "<group>";
		};
		0885F4801733AA1800246C02 /* Products */ = {
			isa = PBXGroup;
			children = (
				0885F47F1733AA1800246C02 /* Tools.app */,
			);
			name = Products;
			sourceTree = "<group>";
		};
		0885F4821733AA1800246C02 /* Frameworks */ = {
			isa = PBXGroup;
			children = (
				08D3C198174B5BE500406755 /* QuartzCore.framework */,
				0885F4831733AA1800246C02 /* UIKit.framework */,
				0885F4851733AA1800246C02 /* Foundation.framework */,
				0885F4871733AA1800246C02 /* CoreGraphics.framework */,
			);
			name = Frameworks;
			sourceTree = "<group>";
		};
		0885F4891733AA1800246C02 /* Tools */ = {
			isa = PBXGroup;
			children = (
				0885F4921733AA1800246C02 /* AppDelegate.h */,
				0885F4931733AA1800246C02 /* AppDelegate.m */,
				6DC359131B5783B00015A680 /* LaunchPlayerView.h */,
				6DC359141B5783B10015A680 /* LaunchPlayerView.m */,
				6D5E0F6E1B8C531E00B78C5D /* ADRadiusView.h */,
				6D5E0F6D1B8C531E00B78C5D /* ADRadiusView.m */,
				0865C9FE1946B11900806F93 /* BaseScrollView.h */,
				0865C9FF1946B11900806F93 /* BaseScrollView.m */,
				0865CA061946B5A800806F93 /* MBMenuView.h */,
				0865CA071946B5A800806F93 /* MBMenuView.m */,
				0885F4A01733AA3200246C02 /* ADTools.h */,
				0885F4A11733AA3200246C02 /* ADTools.m */,
				08ABB35D1749DD5E00DC543E /* Helper.h */,
				6DB7BAC81BA9A184003C4F6E /* UIControl+TapLimit.h */,
				6DB7BAC91BA9A184003C4F6E /* UIControl+TapLimit.m */,
				08D3A7B6173758FD00220430 /* UIImage+Auto_fit.h */,
				08D3A7B7173758FD00220430 /* UIImage+Auto_fit.m */,
				089E0606186D7D51009743F7 /* UIView+Utils.h */,
				089E0607186D7D51009743F7 /* UIView+Utils.m */,
				0885F4A31733AB7300246C02 /* WQPDFManager.h */,
				0885F4A41733AB7300246C02 /* WQPDFManager.m */,
				08D3C174174B04CC00406755 /* UIImageView+TapGesture.h */,
				08D3C175174B04CC00406755 /* UIImageView+TapGesture.m */,
				08D15D52175DEA6E003002F9 /* Keychain.h */,
				08D15D53175DEA6E003002F9 /* Keychain.m */,
				083C35FF1786C30400B4E095 /* SCGIFImageView.h */,
				083C36001786C30400B4E095 /* SCGIFImageView.m */,
				08DCA8A917AA48DD00E3F528 /* UIImage+ImageEffects.h */,
				08DCA8AA17AA48DD00E3F528 /* UIImage+ImageEffects.m */,
				08DCA96917AA5A7E00E3F528 /* JScrollView+PageControl+AutoScroll.h */,
				08DCA96A17AA5A7E00E3F528 /* JScrollView+PageControl+AutoScroll.m */,
				084EBB4B184DD1BA00FAC37B /* MSKeyboardScrollView.h */,
				084EBB4C184DD1BA00FAC37B /* MSKeyboardScrollView.m */,
				0899C2A218ACC958003745FE /* UIImage+ProportionalFill.h */,
				0899C2A318ACC958003745FE /* UIImage+ProportionalFill.m */,
				0899C2A418ACC958003745FE /* UIImage+Tint.h */,
				0899C2A518ACC958003745FE /* UIImage+Tint.m */,
				08F9F06318AE07E300DF5815 /* XMLReader.h */,
				08F9F06418AE07E300DF5815 /* XMLReader.m */,
				08295BA51966AAF100A84280 /* UIViewController+childViewController.m */,
				08295BA61966AAF100A84280 /* UIViewController+childViewController.h */,
				089B31701AE4D300007B2EA3 /* UIScrollView+ParallaxHeader.h */,
				089B31711AE4D300007B2EA3 /* UIScrollView+ParallaxHeader.m */,
				6D5E0F721B8D5E8900B78C5D /* WSBezierAnimation */,
				0861327519B6F3A500BFDD6A /* Wave */,
				08716F7B19B5CDA2004FC31F /* AsyncImageView */,
				0809975C196BD1CF004CE242 /* CycleScrollView */,
				086A65E41964FF50006A1FCB /* NSObject-ObjectMap */,
				086D31AA1959243B0003F60B /* SideMenu */,
				08AC0267192EF0D1004BA73E /* MKAdditions */,
				0898D9FC192B00D200AF4F41 /* Checkbox */,
				0898D9ED192AFD6600AF4F41 /* RadioButton */,
				0803A6E519011BE9000623AA /* NSObject+AutoDescription */,
				0803A6BB1900EE46000623AA /* ASValueTrackingSlider */,
				0851D36518F3E72F005EA6BD /* STDB */,
				08B510E818BB3EE9003A8F60 /* UITextField-Shake */,
				0899C29E18ACB465003745FE /* Toast */,
				0899C29A18ACB13C003745FE /* NSDate-Escort */,
				0899C29618ACA94B003745FE /* UIView+RoundedCorners */,
				0899C29218ACA520003745FE /* UIView+Recursion */,
				0899C28618ACA2DE003745FE /* SFObservers */,
				0899C28218ACA17F003745FE /* NSObject+LogDealloc */,
				0899C27E18AC9F99003745FE /* NSObject+Association */,
				0899C27A18AC9E1E003745FE /* UILabel+ContentSize */,
				0899C27618AC9D7E003745FE /* NSInvocation+SimpleCreation */,
				0899C27118AC98CD003745FE /* AutoCoding */,
				0899C26C18AC72B5003745FE /* UIImageView+FaceAwareFill */,
				088604E0182B8B3F005E5755 /* HUITextView */,
				08054D09179E6F84005F80BA /* 截图 */,
				08BAC9F71794F4810016CCFD /* ChineseToPinyin */,
				080A9DF7178AAC1600874A8F /* iVersion */,
				08B5DBB117794BE90078A68D /* CustomSwitch */,
				08035FCA1778463E00B145FA /* GTTabBar */,
				08A9D7011738D11D00CBE0BA /* HTMLParser */,
				08D3A8431737B78D00220430 /* MaskView */,
				08D3A83F1737B77F00220430 /* SliderControl */,
				08D3A8351737B76700220430 /* JWFlorders */,
				08D3A82F1737B75E00220430 /* SVProgressHUD */,
				08D3A81B1737B75800220430 /* ZipArchive */,
				08D3A8071737B74E00220430 /* NAPhotoBrowser */,
				0885F48A1733AA1800246C02 /* Supporting Files */,
			);
			path = Tools;
			sourceTree = "<group>";
		};
		0885F48A1733AA1800246C02 /* Supporting Files */ = {
			isa = PBXGroup;
			children = (
				0885F48B1733AA1800246C02 /* Tools-Info.plist */,
				0885F48C1733AA1800246C02 /* InfoPlist.strings */,
				0885F48F1733AA1800246C02 /* main.m */,
				0885F4911733AA1800246C02 /* Tools-Prefix.pch */,
				0885F4951733AA1800246C02 /* Default.png */,
				0885F4971733AA1800246C02 /* Default@2x.png */,
				0885F4991733AA1800246C02 /* Default-568h@2x.png */,
			);
			name = "Supporting Files";
			sourceTree = "<group>";
		};
		088604E0182B8B3F005E5755 /* HUITextView */ = {
			isa = PBXGroup;
			children = (
				088604E1182B8B3F005E5755 /* HPGrowingTextView.h */,
				088604E2182B8B3F005E5755 /* HPGrowingTextView.m */,
				088604E3182B8B3F005E5755 /* HPTextViewInternal.h */,
				088604E4182B8B3F005E5755 /* HPTextViewInternal.m */,
			);
			path = HUITextView;
			sourceTree = "<group>";
		};
		0898D9ED192AFD6600AF4F41 /* RadioButton */ = {
			isa = PBXGroup;
			children = (
				0898D9F2192AFD6600AF4F41 /* RadioButton.h */,
				0898D9F3192AFD6600AF4F41 /* RadioButton.m */,
			);
			path = RadioButton;
			sourceTree = "<group>";
		};
		0898D9FC192B00D200AF4F41 /* Checkbox */ = {
			isa = PBXGroup;
			children = (
				0898D9FD192B00D200AF4F41 /* CheckBox.h */,
				0898D9FE192B00D200AF4F41 /* CheckBox.m */,
			);
			path = Checkbox;
			sourceTree = "<group>";
		};
		0899C26C18AC72B5003745FE /* UIImageView+FaceAwareFill */ = {
			isa = PBXGroup;
			children = (
				0899C26D18AC72B5003745FE /* UIImageView+UIImageView_FaceAwareFill.h */,
				0899C26E18AC72B5003745FE /* UIImageView+UIImageView_FaceAwareFill.m */,
			);
			path = "UIImageView+FaceAwareFill";
			sourceTree = "<group>";
		};
		0899C27118AC98CD003745FE /* AutoCoding */ = {
			isa = PBXGroup;
			children = (
				0899C27218AC98CD003745FE /* AutoCoding.h */,
				0899C27318AC98CD003745FE /* AutoCoding.m */,
			);
			path = AutoCoding;
			sourceTree = "<group>";
		};
		0899C27618AC9D7E003745FE /* NSInvocation+SimpleCreation */ = {
			isa = PBXGroup;
			children = (
				0899C27718AC9D7E003745FE /* NSInvocation+SimpleCreation.h */,
				0899C27818AC9D7E003745FE /* NSInvocation+SimpleCreation.m */,
			);
			path = "NSInvocation+SimpleCreation";
			sourceTree = "<group>";
		};
		0899C27A18AC9E1E003745FE /* UILabel+ContentSize */ = {
			isa = PBXGroup;
			children = (
				0899C27B18AC9E1E003745FE /* UILabel+ContentSize.h */,
				0899C27C18AC9E1E003745FE /* UILabel+ContentSize.m */,
			);
			path = "UILabel+ContentSize";
			sourceTree = "<group>";
		};
		0899C27E18AC9F99003745FE /* NSObject+Association */ = {
			isa = PBXGroup;
			children = (
				0899C27F18AC9F99003745FE /* NSObject+Association.h */,
				0899C28018AC9F99003745FE /* NSObject+Association.m */,
			);
			path = "NSObject+Association";
			sourceTree = "<group>";
		};
		0899C28218ACA17F003745FE /* NSObject+LogDealloc */ = {
			isa = PBXGroup;
			children = (
				0899C28318ACA17F003745FE /* NSObject+LogDealloc.h */,
				0899C28418ACA17F003745FE /* NSObject+LogDealloc.m */,
			);
			path = "NSObject+LogDealloc";
			sourceTree = "<group>";
		};
		0899C28618ACA2DE003745FE /* SFObservers */ = {
			isa = PBXGroup;
			children = (
				0899C28718ACA2DE003745FE /* NSNotificationCenter+SFObservers.h */,
				0899C28818ACA2DE003745FE /* NSNotificationCenter+SFObservers.m */,
				0899C28918ACA2DE003745FE /* NSObject+SFObservers.h */,
				0899C28A18ACA2DE003745FE /* NSObject+SFObservers.m */,
				0899C28B18ACA2DE003745FE /* SFExecuteOnDealloc */,
				0899C28E18ACA2DE003745FE /* SFObservers.h */,
			);
			path = SFObservers;
			sourceTree = "<group>";
		};
		0899C28B18ACA2DE003745FE /* SFExecuteOnDealloc */ = {
			isa = PBXGroup;
			children = (
				0899C28C18ACA2DE003745FE /* NSObject+SFExecuteOnDealloc.h */,
				0899C28D18ACA2DE003745FE /* NSObject+SFExecuteOnDealloc.m */,
			);
			path = SFExecuteOnDealloc;
			sourceTree = "<group>";
		};
		0899C29218ACA520003745FE /* UIView+Recursion */ = {
			isa = PBXGroup;
			children = (
				0899C29318ACA520003745FE /* UIView+Recursion.h */,
				0899C29418ACA520003745FE /* UIView+Recursion.m */,
			);
			path = "UIView+Recursion";
			sourceTree = "<group>";
		};
		0899C29618ACA94B003745FE /* UIView+RoundedCorners */ = {
			isa = PBXGroup;
			children = (
				0899C29718ACA94B003745FE /* UIView+RoundedCorners.h */,
				0899C29818ACA94B003745FE /* UIView+RoundedCorners.m */,
			);
			path = "UIView+RoundedCorners";
			sourceTree = "<group>";
		};
		0899C29A18ACB13C003745FE /* NSDate-Escort */ = {
			isa = PBXGroup;
			children = (
				0851D36118F3E71A005EA6BD /* NSDate+Exts.h */,
				0851D36218F3E71A005EA6BD /* NSDate+Exts.m */,
				0899C2AC18ACCA96003745FE /* NSDate+Helper.h */,
				0899C2AD18ACCA96003745FE /* NSDate+Helper.m */,
				0899C29B18ACB13C003745FE /* NSDate+Escort.h */,
				0899C29C18ACB13C003745FE /* NSDate+Escort.m */,
			);
			path = "NSDate-Escort";
			sourceTree = "<group>";
		};
		0899C29E18ACB465003745FE /* Toast */ = {
			isa = PBXGroup;
			children = (
				0899C29F18ACB465003745FE /* Toast+UIView.h */,
				0899C2A018ACB465003745FE /* Toast+UIView.m */,
			);
			path = Toast;
			sourceTree = "<group>";
		};
		08A9D7011738D11D00CBE0BA /* HTMLParser */ = {
			isa = PBXGroup;
			children = (
				08A9D7021738D11D00CBE0BA /* TFHpple.h */,
				08A9D7031738D11D00CBE0BA /* TFHpple.m */,
				08A9D7041738D11D00CBE0BA /* TFHppleElement.h */,
				08A9D7051738D11D00CBE0BA /* TFHppleElement.m */,
				08A9D7061738D11D00CBE0BA /* XPathQuery.h */,
				08A9D7071738D11D00CBE0BA /* XPathQuery.m */,
			);
			path = HTMLParser;
			sourceTree = "<group>";
		};
		08AC0267192EF0D1004BA73E /* MKAdditions */ = {
			isa = PBXGroup;
			children = (
				08AC0268192EF0D1004BA73E /* MKBlockAdditions.h */,
				08AC0269192EF0D1004BA73E /* NSObject+MKBlockAdditions.h */,
				08AC026A192EF0D1004BA73E /* NSObject+MKBlockAdditions.m */,
				08AC026B192EF0D1004BA73E /* UIActionSheet+MKBlockAdditions.h */,
				08AC026C192EF0D1004BA73E /* UIActionSheet+MKBlockAdditions.m */,
				08AC026D192EF0D1004BA73E /* UIAlertView+MKBlockAdditions.h */,
				08AC026E192EF0D1004BA73E /* UIAlertView+MKBlockAdditions.m */,
			);
			path = MKAdditions;
			sourceTree = "<group>";
		};
		08B510E818BB3EE9003A8F60 /* UITextField-Shake */ = {
			isa = PBXGroup;
			children = (
				08B510E918BB3EE9003A8F60 /* UITextField+Shake.h */,
				08B510EA18BB3EE9003A8F60 /* UITextField+Shake.m */,
			);
			path = "UITextField-Shake";
			sourceTree = "<group>";
		};
		08B5DBB117794BE90078A68D /* CustomSwitch */ = {
			isa = PBXGroup;
			children = (
				08B5DBAC17794BE20078A68D /* CustomSwitch.h */,
				08B5DBAD17794BE20078A68D /* CustomSwitch.m */,
				08B5DBAE17794BE20078A68D /* CustomSwitch.xib */,
			);
			name = CustomSwitch;
			sourceTree = "<group>";
		};
		08BAC9F71794F4810016CCFD /* ChineseToPinyin */ = {
			isa = PBXGroup;
			children = (
				08BAC9F81794F4810016CCFD /* ChineseToPinyin.h */,
				08BAC9F91794F4810016CCFD /* ChineseToPinyin.m */,
			);
			path = ChineseToPinyin;
			sourceTree = "<group>";
		};
		08D3A8071737B74E00220430 /* NAPhotoBrowser */ = {
			isa = PBXGroup;
			children = (
				08D3A8081737B74E00220430 /* NAPhoto.h */,
				08D3A8091737B74E00220430 /* NAPhoto.m */,
				08D3A80A1737B74E00220430 /* NAPhotoBrowser.h */,
				08D3A80B1737B74E00220430 /* NAPhotoBrowser.m */,
				08D3A80C1737B74E00220430 /* UIImage+Decompress.h */,
				08D3A80D1737B74E00220430 /* UIImage+Decompress.m */,
				08D3A80E1737B74E00220430 /* UIImageViewTap.h */,
				08D3A80F1737B74E00220430 /* UIImageViewTap.m */,
				08D3A8101737B74E00220430 /* UIViewTap.h */,
				08D3A8111737B74E00220430 /* UIViewTap.m */,
				08D3A8121737B74E00220430 /* ZoomingScrollView.h */,
				08D3A8131737B74E00220430 /* ZoomingScrollView.m */,
			);
			path = NAPhotoBrowser;
			sourceTree = "<group>";
		};
		08D3A81B1737B75800220430 /* ZipArchive */ = {
			isa = PBXGroup;
			children = (
				08D3A81C1737B75800220430 /* minizip */,
				08D3A8261737B75800220430 /* readme.txt */,
				08D3A8271737B75800220430 /* ZipArchive.h */,
				08D3A8281737B75800220430 /* ZipArchive.mm */,
			);
			path = ZipArchive;
			sourceTree = "<group>";
		};
		08D3A81C1737B75800220430 /* minizip */ = {
			isa = PBXGroup;
			children = (
				08D3A81D1737B75800220430 /* crypt.h */,
				08D3A81E1737B75800220430 /* ioapi.c */,
				08D3A81F1737B75800220430 /* ioapi.h */,
				08D3A8201737B75800220430 /* mztools.c */,
				08D3A8211737B75800220430 /* mztools.h */,
				08D3A8221737B75800220430 /* unzip.c */,
				08D3A8231737B75800220430 /* unzip.h */,
				08D3A8241737B75800220430 /* zip.c */,
				08D3A8251737B75800220430 /* zip.h */,
			);
			path = minizip;
			sourceTree = "<group>";
		};
		08D3A82F1737B75E00220430 /* SVProgressHUD */ = {
			isa = PBXGroup;
			children = (
				08D3A8301737B75E00220430 /* SVProgressHUD.bundle */,
				08D3A8311737B75E00220430 /* SVProgressHUD.h */,
				08D3A8321737B75E00220430 /* SVProgressHUD.m */,
			);
			path = SVProgressHUD;
			sourceTree = "<group>";
		};
		08D3A8351737B76700220430 /* JWFlorders */ = {
			isa = PBXGroup;
			children = (
				08D3A8361737B76700220430 /* JWFolders.h */,
				08D3A8371737B76700220430 /* JWFolders.m */,
				08D3A8381737B76700220430 /* UIScreen+Scale.h */,
				08D3A8391737B76700220430 /* UIScreen+Scale.m */,
				08D3A83A1737B76700220430 /* UIView+Screenshot.h */,
				08D3A83B1737B76700220430 /* UIView+Screenshot.m */,
			);
			path = JWFlorders;
			sourceTree = "<group>";
		};
		08D3A83F1737B77F00220430 /* SliderControl */ = {
			isa = PBXGroup;
			children = (
				08D3A8401737B77F00220430 /* SliderControl.h */,
				08D3A8411737B77F00220430 /* SliderControl.m */,
			);
			path = SliderControl;
			sourceTree = "<group>";
		};
		08D3A8431737B78D00220430 /* MaskView */ = {
			isa = PBXGroup;
			children = (
				08D3A8441737B78D00220430 /* MaskView */,
				08D3A85B1737B78D00220430 /* MaskView.xcodeproj */,
			);
			path = MaskView;
			sourceTree = "<group>";
		};
		08D3A8441737B78D00220430 /* MaskView */ = {
			isa = PBXGroup;
			children = (
				08D3A8451737B78D00220430 /* AppDelegate.h */,
				08D3A8461737B78D00220430 /* AppDelegate.m */,
				08D3A8471737B78D00220430 /* D02.jpg */,
				08D3A8481737B78D00220430 /* InfoPlist.strings */,
				08D3A84A1737B78D00220430 /* ViewController.xib */,
				08D3A84C1737B78D00220430 /* ImageMaskView.h */,
				08D3A84D1737B78D00220430 /* ImageMaskView.mm */,
				08D3A84E1737B78D00220430 /* main.m */,
				08D3A84F1737B78D00220430 /* mask.png */,
				08D3A8501737B78D00220430 /* MaskView-Info.plist */,
				08D3A8511737B78D00220430 /* MaskView-Prefix.pch */,
				08D3A8521737B78D00220430 /* MaskView.h */,
				08D3A8531737B78D00220430 /* MaskView.m */,
				08D3A8541737B78D00220430 /* Matrix.h */,
				08D3A8551737B78D00220430 /* Matrix.m */,
				08D3A8561737B78D00220430 /* STScratchView */,
				08D3A8591737B78D00220430 /* ViewController.h */,
				08D3A85A1737B78D00220430 /* ViewController.m */,
			);
			path = MaskView;
			sourceTree = "<group>";
		};
		08D3A8561737B78D00220430 /* STScratchView */ = {
			isa = PBXGroup;
			children = (
				08D3A8571737B78D00220430 /* STScratchView.h */,
				08D3A8581737B78D00220430 /* STScratchView.m */,
			);
			path = STScratchView;
			sourceTree = "<group>";
		};
		08D3A85C1737B78D00220430 /* Products */ = {
			isa = PBXGroup;
			children = (
				08D3A8701737B78D00220430 /* MaskView.app */,
			);
			name = Products;
			sourceTree = "<group>";
		};
		6D5E0F721B8D5E8900B78C5D /* WSBezierAnimation */ = {
			isa = PBXGroup;
			children = (
				6D5E0F731B8D5E8900B78C5D /* UILabel+BezierAnimation.h */,
				6D5E0F741B8D5E8900B78C5D /* UILabel+BezierAnimation.m */,
				6D5E0F751B8D5E8900B78C5D /* WSBezier.h */,
				6D5E0F761B8D5E8900B78C5D /* WSBezier.m */,
			);
			path = WSBezierAnimation;
			sourceTree = "<group>";
		};
/* End PBXGroup section */

/* Begin PBXNativeTarget section */
		0885F47E1733AA1800246C02 /* Tools */ = {
			isa = PBXNativeTarget;
			buildConfigurationList = 0885F49D1733AA1800246C02 /* Build configuration list for PBXNativeTarget "Tools" */;
			buildPhases = (
				0885F47B1733AA1800246C02 /* Sources */,
				0885F47C1733AA1800246C02 /* Frameworks */,
				0885F47D1733AA1800246C02 /* Resources */,
			);
			buildRules = (
			);
			dependencies = (
			);
			name = Tools;
			productName = Tools;
			productReference = 0885F47F1733AA1800246C02 /* Tools.app */;
			productType = "com.apple.product-type.application";
		};
/* End PBXNativeTarget section */

/* Begin PBXProject section */
		0885F4761733AA1800246C02 /* Project object */ = {
			isa = PBXProject;
			attributes = {
				LastUpgradeCheck = 0450;
				ORGANIZATIONNAME = Duzexu;
			};
			buildConfigurationList = 0885F4791733AA1800246C02 /* Build configuration list for PBXProject "Tools" */;
			compatibilityVersion = "Xcode 3.2";
			developmentRegion = English;
			hasScannedForEncodings = 0;
			knownRegions = (
				en,
			);
			mainGroup = 0885F4741733AA1800246C02;
			productRefGroup = 0885F4801733AA1800246C02 /* Products */;
			projectDirPath = "";
			projectReferences = (
				{
					ProductGroup = 08D3A85C1737B78D00220430 /* Products */;
					ProjectRef = 08D3A85B1737B78D00220430 /* MaskView.xcodeproj */;
				},
			);
			projectRoot = "";
			targets = (
				0885F47E1733AA1800246C02 /* Tools */,
			);
		};
/* End PBXProject section */

/* Begin PBXReferenceProxy section */
		08D3A8701737B78D00220430 /* MaskView.app */ = {
			isa = PBXReferenceProxy;
			fileType = wrapper.application;
			path = MaskView.app;
			remoteRef = 08D3A86F1737B78D00220430 /* PBXContainerItemProxy */;
			sourceTree = BUILT_PRODUCTS_DIR;
		};
/* End PBXReferenceProxy section */

/* Begin PBXResourcesBuildPhase section */
		0885F47D1733AA1800246C02 /* Resources */ = {
			isa = PBXResourcesBuildPhase;
			buildActionMask = 2147483647;
			files = (
				0885F48E1733AA1800246C02 /* InfoPlist.strings in Resources */,
				0885F4961733AA1800246C02 /* Default.png in Resources */,
				0885F4981733AA1800246C02 /* Default@2x.png in Resources */,
				0885F49A1733AA1800246C02 /* Default-568h@2x.png in Resources */,
				08D3A82D1737B75800220430 /* readme.txt in Resources */,
				08D3A8331737B75E00220430 /* SVProgressHUD.bundle in Resources */,
				08D3A8631737B78D00220430 /* D02.jpg in Resources */,
				08D3A8641737B78D00220430 /* InfoPlist.strings in Resources */,
				08D3A8651737B78D00220430 /* ViewController.xib in Resources */,
				08D3A8681737B78D00220430 /* mask.png in Resources */,
				08716F8019B5CDA2004FC31F /* README.md in Resources */,
				08D3A8691737B78D00220430 /* MaskView-Info.plist in Resources */,
				08B5DBB017794BE20078A68D /* CustomSwitch.xib in Resources */,
				080A9DFB178AAC1600874A8F /* iVersion.bundle in Resources */,
			);
			runOnlyForDeploymentPostprocessing = 0;
		};
/* End PBXResourcesBuildPhase section */

/* Begin PBXSourcesBuildPhase section */
		0885F47B1733AA1800246C02 /* Sources */ = {
			isa = PBXSourcesBuildPhase;
			buildActionMask = 2147483647;
			files = (
				0885F4901733AA1800246C02 /* main.m in Sources */,
				0885F4941733AA1800246C02 /* AppDelegate.m in Sources */,
				0899C29118ACA2DE003745FE /* NSObject+SFExecuteOnDealloc.m in Sources */,
				086A65E71964FF50006A1FCB /* NSObject+ObjectMap.m in Sources */,
				0899C29518ACA520003745FE /* UIView+Recursion.m in Sources */,
				0851D37018F3E72F005EA6BD /* STDbObject.m in Sources */,
				08716F7F19B5CDA2004FC31F /* AsyncImageView.m in Sources */,
				0899C29018ACA2DE003745FE /* NSObject+SFObservers.m in Sources */,
				0899C2A118ACB465003745FE /* Toast+UIView.m in Sources */,
				0885F4A21733AA3200246C02 /* ADTools.m in Sources */,
				6DFE4B781B4E1CC300A009CE /* IDNLoopView.m in Sources */,
				0885F4A51733AB7300246C02 /* WQPDFManager.m in Sources */,
				6D5E0F771B8D5E8900B78C5D /* UILabel+BezierAnimation.m in Sources */,
				086D31AF1959243B0003F60B /* MenuItem.m in Sources */,
				08D3A7B8173758FD00220430 /* UIImage+Auto_fit.m in Sources */,
				08D3A8141737B74E00220430 /* NAPhoto.m in Sources */,
				0865CA081946B5A800806F93 /* MBMenuView.m in Sources */,
				08D3A8151737B74E00220430 /* NAPhotoBrowser.m in Sources */,
				0898D9FF192B00D200AF4F41 /* CheckBox.m in Sources */,
				08AC026F192EF0D1004BA73E /* NSObject+MKBlockAdditions.m in Sources */,
				6D5E0F781B8D5E8900B78C5D /* WSBezier.m in Sources */,
				0899C2AE18ACCA96003745FE /* NSDate+Helper.m in Sources */,
				08AC0271192EF0D1004BA73E /* UIAlertView+MKBlockAdditions.m in Sources */,
				08D3A8161737B74E00220430 /* UIImage+Decompress.m in Sources */,
				08D3A8171737B74E00220430 /* UIImageViewTap.m in Sources */,
				08D3A8181737B74E00220430 /* UIViewTap.m in Sources */,
				08D3A8191737B74E00220430 /* ZoomingScrollView.m in Sources */,
				08D3A8291737B75800220430 /* ioapi.c in Sources */,
				0851D36F18F3E72F005EA6BD /* STDbHandle.m in Sources */,
				08D3A82A1737B75800220430 /* mztools.c in Sources */,
				0899C28F18ACA2DE003745FE /* NSNotificationCenter+SFObservers.m in Sources */,
				08B510EB18BB3EE9003A8F60 /* UITextField+Shake.m in Sources */,
				0899C27918AC9D7E003745FE /* NSInvocation+SimpleCreation.m in Sources */,
				08D3A82B1737B75800220430 /* unzip.c in Sources */,
				08D3A82C1737B75800220430 /* zip.c in Sources */,
				0899C2A618ACC958003745FE /* UIImage+ProportionalFill.m in Sources */,
				08D3A82E1737B75800220430 /* ZipArchive.mm in Sources */,
				08D3A8341737B75E00220430 /* SVProgressHUD.m in Sources */,
				08D3A83C1737B76700220430 /* JWFolders.m in Sources */,
				08D3A83D1737B76700220430 /* UIScreen+Scale.m in Sources */,
				08D3A83E1737B76700220430 /* UIView+Screenshot.m in Sources */,
				0899C27418AC98CD003745FE /* AutoCoding.m in Sources */,
				6DC359151B5783B10015A680 /* LaunchPlayerView.m in Sources */,
				0803A6EB19011BE9000623AA /* NSObject+CleanDescription.m in Sources */,
				08D3A8421737B77F00220430 /* SliderControl.m in Sources */,
				08D3A8621737B78D00220430 /* AppDelegate.m in Sources */,
				08D3A8661737B78D00220430 /* ImageMaskView.mm in Sources */,
				08D3A8671737B78D00220430 /* main.m in Sources */,
				0899C29D18ACB13C003745FE /* NSDate+Escort.m in Sources */,
				08295BA71966AAF100A84280 /* UIViewController+childViewController.m in Sources */,
				0899C26F18AC72B5003745FE /* UIImageView+UIImageView_FaceAwareFill.m in Sources */,
				08D3A86A1737B78D00220430 /* MaskView.m in Sources */,
				0861327819B6F3A500BFDD6A /* UITableView+Wave.m in Sources */,
				08D3A86B1737B78D00220430 /* Matrix.m in Sources */,
				086D31B01959243B0003F60B /* SideMenu.m in Sources */,
				0899C29918ACA94B003745FE /* UIView+RoundedCorners.m in Sources */,
				08D3A86C1737B78D00220430 /* STScratchView.m in Sources */,
				08D3A86D1737B78D00220430 /* ViewController.m in Sources */,
				089E0608186D7D51009743F7 /* UIView+Utils.m in Sources */,
				088604E6182B8B3F005E5755 /* HPTextViewInternal.m in Sources */,
				0899C2A718ACC958003745FE /* UIImage+Tint.m in Sources */,
				08A9D7081738D11D00CBE0BA /* TFHpple.m in Sources */,
				0898D9F8192AFD6600AF4F41 /* RadioButton.m in Sources */,
				08A9D7091738D11D00CBE0BA /* TFHppleElement.m in Sources */,
				08A9D70A1738D11D00CBE0BA /* XPathQuery.m in Sources */,
				6DB7BACA1BA9A184003C4F6E /* UIControl+TapLimit.m in Sources */,
				08F9F06518AE07E300DF5815 /* XMLReader.m in Sources */,
				08D3C176174B04CC00406755 /* UIImageView+TapGesture.m in Sources */,
				0803A6C01900EE46000623AA /* ASValuePopUpView.m in Sources */,
				089B31721AE4D300007B2EA3 /* UIScrollView+ParallaxHeader.m in Sources */,
				0899C28518ACA17F003745FE /* NSObject+LogDealloc.m in Sources */,
				0865CA001946B11900806F93 /* BaseScrollView.m in Sources */,
				08D15D54175DEA6E003002F9 /* Keychain.m in Sources */,
				08035FCF1778463E00B145FA /* GTTabBar.m in Sources */,
				08035FD01778463E00B145FA /* GTTabBarController.m in Sources */,
				08B5DBAF17794BE20078A68D /* CustomSwitch.m in Sources */,
				0803A6C11900EE46000623AA /* ASValueTrackingSlider.m in Sources */,
				0899C27D18AC9E1E003745FE /* UILabel+ContentSize.m in Sources */,
				0851D36318F3E71A005EA6BD /* NSDate+Exts.m in Sources */,
				083C36011786C30400B4E095 /* SCGIFImageView.m in Sources */,
				080A9DFC178AAC1600874A8F /* iVersion.m in Sources */,
				084EBB4D184DD1BA00FAC37B /* MSKeyboardScrollView.m in Sources */,
				0851D36E18F3E72F005EA6BD /* STDb.m in Sources */,
				088604E5182B8B3F005E5755 /* HPGrowingTextView.m in Sources */,
				08BAC9FA1794F4810016CCFD /* ChineseToPinyin.m in Sources */,
				0803A6EA19011BE9000623AA /* NSObject+AutoDescription.m in Sources */,
				08054D0C179E6F84005F80BA /* BJImageCropper.m in Sources */,
				08DCA8AB17AA48DD00E3F528 /* UIImage+ImageEffects.m in Sources */,
				08DCA96B17AA5A7E00E3F528 /* JScrollView+PageControl+AutoScroll.m in Sources */,
				6D5E0F6F1B8C531E00B78C5D /* ADRadiusView.m in Sources */,
				08AC0270192EF0D1004BA73E /* UIActionSheet+MKBlockAdditions.m in Sources */,
				0899C28118AC9F99003745FE /* NSObject+Association.m in Sources */,
			);
			runOnlyForDeploymentPostprocessing = 0;
		};
/* End PBXSourcesBuildPhase section */

/* Begin PBXVariantGroup section */
		0885F48C1733AA1800246C02 /* InfoPlist.strings */ = {
			isa = PBXVariantGroup;
			children = (
				0885F48D1733AA1800246C02 /* en */,
			);
			name = InfoPlist.strings;
			sourceTree = "<group>";
		};
		08D3A8481737B78D00220430 /* InfoPlist.strings */ = {
			isa = PBXVariantGroup;
			children = (
				08D3A8491737B78D00220430 /* en */,
			);
			name = InfoPlist.strings;
			sourceTree = "<group>";
		};
		08D3A84A1737B78D00220430 /* ViewController.xib */ = {
			isa = PBXVariantGroup;
			children = (
				08D3A84B1737B78D00220430 /* en */,
			);
			name = ViewController.xib;
			sourceTree = "<group>";
		};
/* End PBXVariantGroup section */

/* Begin XCBuildConfiguration section */
		0885F49B1733AA1800246C02 /* Debug */ = {
			isa = XCBuildConfiguration;
			buildSettings = {
				ALWAYS_SEARCH_USER_PATHS = NO;
				CLANG_CXX_LANGUAGE_STANDARD = "gnu++0x";
				CLANG_CXX_LIBRARY = "libc++";
				CLANG_WARN_EMPTY_BODY = YES;
				CLANG_WARN__DUPLICATE_METHOD_MATCH = YES;
				"CODE_SIGN_IDENTITY[sdk=iphoneos*]" = "iPhone Developer";
				COPY_PHASE_STRIP = NO;
				GCC_C_LANGUAGE_STANDARD = gnu99;
				GCC_DYNAMIC_NO_PIC = NO;
				GCC_OPTIMIZATION_LEVEL = 0;
				GCC_PREPROCESSOR_DEFINITIONS = (
					"DEBUG=1",
					"$(inherited)",
				);
				GCC_SYMBOLS_PRIVATE_EXTERN = NO;
				GCC_WARN_ABOUT_RETURN_TYPE = YES;
				GCC_WARN_UNINITIALIZED_AUTOS = YES;
				GCC_WARN_UNUSED_VARIABLE = YES;
				IPHONEOS_DEPLOYMENT_TARGET = 6.0;
				SDKROOT = iphoneos;
			};
			name = Debug;
		};
		0885F49C1733AA1800246C02 /* Release */ = {
			isa = XCBuildConfiguration;
			buildSettings = {
				ALWAYS_SEARCH_USER_PATHS = NO;
				CLANG_CXX_LANGUAGE_STANDARD = "gnu++0x";
				CLANG_CXX_LIBRARY = "libc++";
				CLANG_WARN_EMPTY_BODY = YES;
				CLANG_WARN__DUPLICATE_METHOD_MATCH = YES;
				"CODE_SIGN_IDENTITY[sdk=iphoneos*]" = "iPhone Developer";
				COPY_PHASE_STRIP = YES;
				GCC_C_LANGUAGE_STANDARD = gnu99;
				GCC_WARN_ABOUT_RETURN_TYPE = YES;
				GCC_WARN_UNINITIALIZED_AUTOS = YES;
				GCC_WARN_UNUSED_VARIABLE = YES;
				IPHONEOS_DEPLOYMENT_TARGET = 6.0;
				OTHER_CFLAGS = "-DNS_BLOCK_ASSERTIONS=1";
				SDKROOT = iphoneos;
				VALIDATE_PRODUCT = YES;
			};
			name = Release;
		};
		0885F49E1733AA1800246C02 /* Debug */ = {
			isa = XCBuildConfiguration;
			buildSettings = {
				GCC_PRECOMPILE_PREFIX_HEADER = YES;
				GCC_PREFIX_HEADER = "Tools/Tools-Prefix.pch";
				INFOPLIST_FILE = "Tools/Tools-Info.plist";
				PRODUCT_NAME = "$(TARGET_NAME)";
				WRAPPER_EXTENSION = app;
			};
			name = Debug;
		};
		0885F49F1733AA1800246C02 /* Release */ = {
			isa = XCBuildConfiguration;
			buildSettings = {
				GCC_PRECOMPILE_PREFIX_HEADER = YES;
				GCC_PREFIX_HEADER = "Tools/Tools-Prefix.pch";
				INFOPLIST_FILE = "Tools/Tools-Info.plist";
				PRODUCT_NAME = "$(TARGET_NAME)";
				WRAPPER_EXTENSION = app;
			};
			name = Release;
		};
/* End XCBuildConfiguration section */

/* Begin XCConfigurationList section */
		0885F4791733AA1800246C02 /* Build configuration list for PBXProject "Tools" */ = {
			isa = XCConfigurationList;
			buildConfigurations = (
				0885F49B1733AA1800246C02 /* Debug */,
				0885F49C1733AA1800246C02 /* Release */,
			);
			defaultConfigurationIsVisible = 0;
			defaultConfigurationName = Release;
		};
		0885F49D1733AA1800246C02 /* Build configuration list for PBXNativeTarget "Tools" */ = {
			isa = XCConfigurationList;
			buildConfigurations = (
				0885F49E1733AA1800246C02 /* Debug */,
				0885F49F1733AA1800246C02 /* Release */,
			);
			defaultConfigurationIsVisible = 0;
			defaultConfigurationName = Release;
		};
/* End XCConfigurationList section */
	};
	rootObject = 0885F4761733AA1800246C02 /* Project object */;
}
